// !$*UTF8*$!
{
	archiveVersion = 1;
	classes = {
	};
	objectVersion = 46;
	objects = {

/* Begin PBXBuildFile section */
		34F520A4BEB0354A2AE3FEA6 /* DNTag.m in Sources */ = {isa = PBXBuildFile; fileRef = 34F5294607B790BCA9A196A1 /* DNTag.m */; };
		4B1E637D20B64E89BCD961ED /* libPods.a in Frameworks */ = {isa = PBXBuildFile; fileRef = B53AA407B31B4482CF21EB66 /* libPods.a */; };
		B8559094709A03708C563AF0 /* AppDelegate.m in Sources */ = {isa = PBXBuildFile; fileRef = B855965E6206F844E20BF6D9 /* AppDelegate.m */; };
		B8559C3D5486E40649EFD55A /* ViewController.m in Sources */ = {isa = PBXBuildFile; fileRef = B8559DBABF94222D27D82026 /* ViewController.m */; };
		D767364A1AD50A96002D9A19 /* DNUser.m in Sources */ = {isa = PBXBuildFile; fileRef = D76736491AD50A96002D9A19 /* DNUser.m */; };
		D7BDAB081AD6AAFA001A840C /* DNNotification.m in Sources */ = {isa = PBXBuildFile; fileRef = D7BDAB071AD6AAFA001A840C /* DNNotification.m */; };
		D7E496611AC9A097009131E6 /* main.m in Sources */ = {isa = PBXBuildFile; fileRef = D7E496601AC9A097009131E6 /* main.m */; };
		D7E4966A1AC9A097009131E6 /* Main.storyboard in Resources */ = {isa = PBXBuildFile; fileRef = D7E496681AC9A097009131E6 /* Main.storyboard */; };
		D7E4966C1AC9A097009131E6 /* Images.xcassets in Resources */ = {isa = PBXBuildFile; fileRef = D7E4966B1AC9A097009131E6 /* Images.xcassets */; };
		D7E4966F1AC9A097009131E6 /* LaunchScreen.xib in Resources */ = {isa = PBXBuildFile; fileRef = D7E4966D1AC9A097009131E6 /* LaunchScreen.xib */; };
		D7E4967B1AC9A097009131E6 /* DonkyCoreTests.m in Sources */ = {isa = PBXBuildFile; fileRef = D7E4967A1AC9A097009131E6 /* DonkyCoreTests.m */; };
		D7E497451AC9A331009131E6 /* DNDonkyNetworkDetails.m in Sources */ = {isa = PBXBuildFile; fileRef = D7E496891AC9A331009131E6 /* DNDonkyNetworkDetails.m */; };
		D7E497461AC9A331009131E6 /* DNUserDefaultsHelper.m in Sources */ = {isa = PBXBuildFile; fileRef = D7E4968C1AC9A331009131E6 /* DNUserDefaultsHelper.m */; };
		D7E497471AC9A331009131E6 /* DNAccountController.m in Sources */ = {isa = PBXBuildFile; fileRef = D7E4968F1AC9A331009131E6 /* DNAccountController.m */; };
		D7E497481AC9A331009131E6 /* DNUserAuthentication.m in Sources */ = {isa = PBXBuildFile; fileRef = D7E496931AC9A331009131E6 /* DNUserAuthentication.m */; };
		D7E497491AC9A331009131E6 /* DNAccountRegistrationResponse.m in Sources */ = {isa = PBXBuildFile; fileRef = D7E496971AC9A331009131E6 /* DNAccountRegistrationResponse.m */; };
		D7E4974A1AC9A331009131E6 /* DNConfigurationController.m in Sources */ = {isa = PBXBuildFile; fileRef = D7E4969A1AC9A331009131E6 /* DNConfigurationController.m */; };
		D7E4974B1AC9A331009131E6 /* DNClientDetails.m in Sources */ = {isa = PBXBuildFile; fileRef = D7E4969E1AC9A331009131E6 /* DNClientDetails.m */; };
		D7E4974C1AC9A331009131E6 /* DNClientDetailsHelper.m in Sources */ = {isa = PBXBuildFile; fileRef = D7E496A11AC9A331009131E6 /* DNClientDetailsHelper.m */; };
		D7E4974D1AC9A331009131E6 /* DNDeviceDetails.m in Sources */ = {isa = PBXBuildFile; fileRef = D7E496A41AC9A331009131E6 /* DNDeviceDetails.m */; };
		D7E4974E1AC9A331009131E6 /* DNDeviceDetailsHelper.m in Sources */ = {isa = PBXBuildFile; fileRef = D7E496A71AC9A331009131E6 /* DNDeviceDetailsHelper.m */; };
		D7E4974F1AC9A331009131E6 /* DNRegistrationDetails.m in Sources */ = {isa = PBXBuildFile; fileRef = D7E496AA1AC9A331009131E6 /* DNRegistrationDetails.m */; };
		D7E497501AC9A331009131E6 /* DNUserDetails.m in Sources */ = {isa = PBXBuildFile; fileRef = D7E496AD1AC9A331009131E6 /* DNUserDetails.m */; };
		D7E497511AC9A331009131E6 /* DNAppSettingsController.m in Sources */ = {isa = PBXBuildFile; fileRef = D7E496B11AC9A331009131E6 /* DNAppSettingsController.m */; };
		D7E497521AC9A331009131E6 /* DNConfiguration.plist in Resources */ = {isa = PBXBuildFile; fileRef = D7E496B31AC9A331009131E6 /* DNConfiguration.plist */; };
		D7E497531AC9A331009131E6 /* DNAssetController.m in Sources */ = {isa = PBXBuildFile; fileRef = D7E496B71AC9A331009131E6 /* DNAssetController.m */; };
		D7E497541AC9A331009131E6 /* NSManagedObject+DNHelper.m in Sources */ = {isa = PBXBuildFile; fileRef = D7E496BD1AC9A331009131E6 /* NSManagedObject+DNHelper.m */; };
		D7E497551AC9A331009131E6 /* NSManagedObjectContext+DNDelete.m in Sources */ = {isa = PBXBuildFile; fileRef = D7E496BF1AC9A331009131E6 /* NSManagedObjectContext+DNDelete.m */; };
		D7E497571AC9A331009131E6 /* NSManagedObjectContext+DNHelpers.m in Sources */ = {isa = PBXBuildFile; fileRef = D7E496C31AC9A331009131E6 /* NSManagedObjectContext+DNHelpers.m */; };
		D7E497581AC9A331009131E6 /* DNKeychainHelper.m in Sources */ = {isa = PBXBuildFile; fileRef = D7E496C71AC9A331009131E6 /* DNKeychainHelper.m */; };
		D7E497591AC9A331009131E6 /* DNKeychainItemWrapper.m in Sources */ = {isa = PBXBuildFile; fileRef = D7E496CA1AC9A331009131E6 /* DNKeychainItemWrapper.m */; };
		D7E4975A1AC9A331009131E6 /* DNDataController.m in Sources */ = {isa = PBXBuildFile; fileRef = D7E496CD1AC9A331009131E6 /* DNDataController.m */; };
		D7E4975B1AC9A331009131E6 /* DNDeviceUser.m in Sources */ = {isa = PBXBuildFile; fileRef = D7E496D11AC9A331009131E6 /* DNDeviceUser.m */; };
		D7E4975F1AC9A331009131E6 /* DNEventSubscriber.m in Sources */ = {isa = PBXBuildFile; fileRef = D7E496DF1AC9A331009131E6 /* DNEventSubscriber.m */; };
		D7E497601AC9A331009131E6 /* DNLocalEvent.m in Sources */ = {isa = PBXBuildFile; fileRef = D7E496E21AC9A331009131E6 /* DNLocalEvent.m */; };
		D7E497611AC9A331009131E6 /* DNModuleDefinition.m in Sources */ = {isa = PBXBuildFile; fileRef = D7E496E51AC9A331009131E6 /* DNModuleDefinition.m */; };
		D7E497621AC9A331009131E6 /* DNModuleHelper.m in Sources */ = {isa = PBXBuildFile; fileRef = D7E496E81AC9A331009131E6 /* DNModuleHelper.m */; };
		D7E497631AC9A331009131E6 /* DNNotificationSubscriber.m in Sources */ = {isa = PBXBuildFile; fileRef = D7E496EB1AC9A331009131E6 /* DNNotificationSubscriber.m */; };
		D7E497641AC9A331009131E6 /* DNOutboundModules.m in Sources */ = {isa = PBXBuildFile; fileRef = D7E496EE1AC9A331009131E6 /* DNOutboundModules.m */; };
		D7E497651AC9A331009131E6 /* DNRegisteredServices.m in Sources */ = {isa = PBXBuildFile; fileRef = D7E496F11AC9A331009131E6 /* DNRegisteredServices.m */; };
		D7E497661AC9A331009131E6 /* DNSubscription.m in Sources */ = {isa = PBXBuildFile; fileRef = D7E496F41AC9A331009131E6 /* DNSubscription.m */; };
		D7E497671AC9A331009131E6 /* DNDonkyCore.m in Sources */ = {isa = PBXBuildFile; fileRef = D7E496F71AC9A331009131E6 /* DNDonkyCore.m */; };
		D7E497681AC9A331009131E6 /* DNErrorController.m in Sources */ = {isa = PBXBuildFile; fileRef = D7E496FB1AC9A331009131E6 /* DNErrorController.m */; };
		D7E497691AC9A331009131E6 /* DNLoggingController.m in Sources */ = {isa = PBXBuildFile; fileRef = D7E496FF1AC9A331009131E6 /* DNLoggingController.m */; };
		D7E4976A1AC9A331009131E6 /* DNClientNotification.m in Sources */ = {isa = PBXBuildFile; fileRef = D7E497041AC9A331009131E6 /* DNClientNotification.m */; };
		D7E4976B1AC9A331009131E6 /* DNContentNotification.m in Sources */ = {isa = PBXBuildFile; fileRef = D7E497071AC9A331009131E6 /* DNContentNotification.m */; };
		D7E4976C1AC9A331009131E6 /* DNDeviceConnectivityController.m in Sources */ = {isa = PBXBuildFile; fileRef = D7E4970A1AC9A331009131E6 /* DNDeviceConnectivityController.m */; };
		D7E4976D1AC9A331009131E6 /* DNNetworkHelper.m in Sources */ = {isa = PBXBuildFile; fileRef = D7E4970D1AC9A331009131E6 /* DNNetworkHelper.m */; };
		D7E4976E1AC9A331009131E6 /* DNRequest.m in Sources */ = {isa = PBXBuildFile; fileRef = D7E497101AC9A331009131E6 /* DNRequest.m */; };
		D7E4976F1AC9A331009131E6 /* DNRetryHelper.m in Sources */ = {isa = PBXBuildFile; fileRef = D7E497131AC9A331009131E6 /* DNRetryHelper.m */; };
		D7E497701AC9A331009131E6 /* DNRetryObject.m in Sources */ = {isa = PBXBuildFile; fileRef = D7E497161AC9A331009131E6 /* DNRetryObject.m */; };
		D7E497711AC9A331009131E6 /* DNServerNotification.m in Sources */ = {isa = PBXBuildFile; fileRef = D7E497191AC9A331009131E6 /* DNServerNotification.m */; };
		D7E497721AC9A331009131E6 /* DNSessionManager.m in Sources */ = {isa = PBXBuildFile; fileRef = D7E4971C1AC9A331009131E6 /* DNSessionManager.m */; };
		D7E497731AC9A331009131E6 /* DNSynchroniseResponse.m in Sources */ = {isa = PBXBuildFile; fileRef = D7E4971F1AC9A331009131E6 /* DNSynchroniseResponse.m */; };
		D7E497741AC9A331009131E6 /* DNNetworkController.m in Sources */ = {isa = PBXBuildFile; fileRef = D7E497221AC9A331009131E6 /* DNNetworkController.m */; };
		D7E497751AC9A331009131E6 /* DNPushNotificationUpdate.m in Sources */ = {isa = PBXBuildFile; fileRef = D7E497271AC9A331009131E6 /* DNPushNotificationUpdate.m */; };
		D7E497761AC9A331009131E6 /* DNNotificationController.m in Sources */ = {isa = PBXBuildFile; fileRef = D7E4972A1AC9A331009131E6 /* DNNotificationController.m */; };
		D7E497771AC9A331009131E6 /* NSDate+DNDateHelper.m in Sources */ = {isa = PBXBuildFile; fileRef = D7E497311AC9A331009131E6 /* NSDate+DNDateHelper.m */; };
		D7E497781AC9A331009131E6 /* NSMutableDictionary+DNDictionary.m in Sources */ = {isa = PBXBuildFile; fileRef = D7E497341AC9A331009131E6 /* NSMutableDictionary+DNDictionary.m */; };
		D7E497791AC9A331009131E6 /* UIViewController+DNRootViewController.m in Sources */ = {isa = PBXBuildFile; fileRef = D7E497371AC9A331009131E6 /* UIViewController+DNRootViewController.m */; };
		D7E4977A1AC9A331009131E6 /* DNConstants.m in Sources */ = {isa = PBXBuildFile; fileRef = D7E4973A1AC9A331009131E6 /* DNConstants.m */; };
		D7E4977B1AC9A331009131E6 /* DNFileHelpers.m in Sources */ = {isa = PBXBuildFile; fileRef = D7E4973D1AC9A331009131E6 /* DNFileHelpers.m */; };
		D7E4977C1AC9A331009131E6 /* DNLocalization.strings in Resources */ = {isa = PBXBuildFile; fileRef = D7E4973F1AC9A331009131E6 /* DNLocalization.strings */; };
		D7E4977D1AC9A331009131E6 /* DNNetwork+Localization.m in Sources */ = {isa = PBXBuildFile; fileRef = D7E497411AC9A331009131E6 /* DNNetwork+Localization.m */; };
		D7E4977E1AC9A331009131E6 /* DNSystemHelpers.m in Sources */ = {isa = PBXBuildFile; fileRef = D7E497441AC9A331009131E6 /* DNSystemHelpers.m */; };
		D7FC7BC91ADFB3E7002E884C /* DNDonkyDataModel.xcdatamodeld in Sources */ = {isa = PBXBuildFile; fileRef = D7FC7BC71ADFB3E7002E884C /* DNDonkyDataModel.xcdatamodeld */; };
		D7FC7BCF1ADFB526002E884C /* DNMessage.m in Sources */ = {isa = PBXBuildFile; fileRef = D7FC7BCE1ADFB526002E884C /* DNMessage.m */; };
		D7FC7C1C1ADFB661002E884C /* DNRichMessage.m in Sources */ = {isa = PBXBuildFile; fileRef = D7FC7C1B1ADFB661002E884C /* DNRichMessage.m */; };
/* End PBXBuildFile section */

/* Begin PBXContainerItemProxy section */
		D7E496751AC9A097009131E6 /* PBXContainerItemProxy */ = {
			isa = PBXContainerItemProxy;
			containerPortal = D7E496531AC9A097009131E6 /* Project object */;
			proxyType = 1;
			remoteGlobalIDString = D7E4965A1AC9A097009131E6;
			remoteInfo = DonkyCore;
		};
/* End PBXContainerItemProxy section */

/* Begin PBXFileReference section */
		34F520C572A6D99A41F961AE /* DNTag.h */ = {isa = PBXFileReference; fileEncoding = 4; lastKnownFileType = sourcecode.c.h; path = DNTag.h; sourceTree = "<group>"; };
		34F5294607B790BCA9A196A1 /* DNTag.m */ = {isa = PBXFileReference; fileEncoding = 4; lastKnownFileType = sourcecode.c.objc; path = DNTag.m; sourceTree = "<group>"; };
		7CF020019F106D13E13B4843 /* Pods.release.xcconfig */ = {isa = PBXFileReference; includeInIndex = 1; lastKnownFileType = text.xcconfig; name = Pods.release.xcconfig; path = "Pods/Target Support Files/Pods/Pods.release.xcconfig"; sourceTree = "<group>"; };
		B53AA407B31B4482CF21EB66 /* libPods.a */ = {isa = PBXFileReference; explicitFileType = archive.ar; includeInIndex = 0; path = libPods.a; sourceTree = BUILT_PRODUCTS_DIR; };
		B855965E6206F844E20BF6D9 /* AppDelegate.m */ = {isa = PBXFileReference; fileEncoding = 4; lastKnownFileType = sourcecode.c.objc; path = AppDelegate.m; sourceTree = "<group>"; };
		B8559862A15921B0FBEB15F9 /* NSManagedObjectContext+DNHelpers.h */ = {isa = PBXFileReference; fileEncoding = 4; lastKnownFileType = sourcecode.c.h; path = "NSManagedObjectContext+DNHelpers.h"; sourceTree = "<group>"; };
		B8559DBABF94222D27D82026 /* ViewController.m */ = {isa = PBXFileReference; fileEncoding = 4; lastKnownFileType = sourcecode.c.objc; path = ViewController.m; sourceTree = "<group>"; };
		B8559E1B2535F88A845595EF /* ViewController.h */ = {isa = PBXFileReference; fileEncoding = 4; lastKnownFileType = sourcecode.c.h; path = ViewController.h; sourceTree = "<group>"; };
		B8559EE69006111C77F4FE5A /* AppDelegate.h */ = {isa = PBXFileReference; fileEncoding = 4; lastKnownFileType = sourcecode.c.h; path = AppDelegate.h; sourceTree = "<group>"; };
		D76736481AD50A96002D9A19 /* DNUser.h */ = {isa = PBXFileReference; fileEncoding = 4; lastKnownFileType = sourcecode.c.h; path = DNUser.h; sourceTree = "<group>"; };
		D76736491AD50A96002D9A19 /* DNUser.m */ = {isa = PBXFileReference; fileEncoding = 4; lastKnownFileType = sourcecode.c.objc; path = DNUser.m; sourceTree = "<group>"; };
		D7BDAB061AD6AAFA001A840C /* DNNotification.h */ = {isa = PBXFileReference; fileEncoding = 4; lastKnownFileType = sourcecode.c.h; path = DNNotification.h; sourceTree = "<group>"; };
		D7BDAB071AD6AAFA001A840C /* DNNotification.m */ = {isa = PBXFileReference; fileEncoding = 4; lastKnownFileType = sourcecode.c.objc; path = DNNotification.m; sourceTree = "<group>"; };
		D7E4965B1AC9A097009131E6 /* DonkyCore.app */ = {isa = PBXFileReference; explicitFileType = wrapper.application; includeInIndex = 0; path = DonkyCore.app; sourceTree = BUILT_PRODUCTS_DIR; };
		D7E4965F1AC9A097009131E6 /* Info.plist */ = {isa = PBXFileReference; lastKnownFileType = text.plist.xml; path = Info.plist; sourceTree = "<group>"; };
		D7E496601AC9A097009131E6 /* main.m */ = {isa = PBXFileReference; lastKnownFileType = sourcecode.c.objc; path = main.m; sourceTree = "<group>"; };
		D7E496691AC9A097009131E6 /* Base */ = {isa = PBXFileReference; lastKnownFileType = file.storyboard; name = Base; path = Base.lproj/Main.storyboard; sourceTree = "<group>"; };
		D7E4966B1AC9A097009131E6 /* Images.xcassets */ = {isa = PBXFileReference; lastKnownFileType = folder.assetcatalog; path = Images.xcassets; sourceTree = "<group>"; };
		D7E4966E1AC9A097009131E6 /* Base */ = {isa = PBXFileReference; lastKnownFileType = file.xib; name = Base; path = Base.lproj/LaunchScreen.xib; sourceTree = "<group>"; };
		D7E496741AC9A097009131E6 /* DonkyCoreTests.xctest */ = {isa = PBXFileReference; explicitFileType = wrapper.cfbundle; includeInIndex = 0; path = DonkyCoreTests.xctest; sourceTree = BUILT_PRODUCTS_DIR; };
		D7E496791AC9A097009131E6 /* Info.plist */ = {isa = PBXFileReference; lastKnownFileType = text.plist.xml; path = Info.plist; sourceTree = "<group>"; };
		D7E4967A1AC9A097009131E6 /* DonkyCoreTests.m */ = {isa = PBXFileReference; lastKnownFileType = sourcecode.c.objc; path = DonkyCoreTests.m; sourceTree = "<group>"; };
		D7E496881AC9A331009131E6 /* DNDonkyNetworkDetails.h */ = {isa = PBXFileReference; fileEncoding = 4; lastKnownFileType = sourcecode.c.h; path = DNDonkyNetworkDetails.h; sourceTree = "<group>"; };
		D7E496891AC9A331009131E6 /* DNDonkyNetworkDetails.m */ = {isa = PBXFileReference; fileEncoding = 4; lastKnownFileType = sourcecode.c.objc; path = DNDonkyNetworkDetails.m; sourceTree = "<group>"; };
		D7E4968B1AC9A331009131E6 /* DNUserDefaultsHelper.h */ = {isa = PBXFileReference; fileEncoding = 4; lastKnownFileType = sourcecode.c.h; path = DNUserDefaultsHelper.h; sourceTree = "<group>"; };
		D7E4968C1AC9A331009131E6 /* DNUserDefaultsHelper.m */ = {isa = PBXFileReference; fileEncoding = 4; lastKnownFileType = sourcecode.c.objc; path = DNUserDefaultsHelper.m; sourceTree = "<group>"; };
		D7E4968E1AC9A331009131E6 /* DNAccountController.h */ = {isa = PBXFileReference; fileEncoding = 4; lastKnownFileType = sourcecode.c.h; lineEnding = 0; path = DNAccountController.h; sourceTree = "<group>"; xcLanguageSpecificationIdentifier = xcode.lang.objcpp; };
		D7E4968F1AC9A331009131E6 /* DNAccountController.m */ = {isa = PBXFileReference; fileEncoding = 4; lastKnownFileType = sourcecode.c.objc; path = DNAccountController.m; sourceTree = "<group>"; };
		D7E496921AC9A331009131E6 /* DNUserAuthentication.h */ = {isa = PBXFileReference; fileEncoding = 4; lastKnownFileType = sourcecode.c.h; path = DNUserAuthentication.h; sourceTree = "<group>"; };
		D7E496931AC9A331009131E6 /* DNUserAuthentication.m */ = {isa = PBXFileReference; fileEncoding = 4; lastKnownFileType = sourcecode.c.objc; path = DNUserAuthentication.m; sourceTree = "<group>"; };
		D7E496961AC9A331009131E6 /* DNAccountRegistrationResponse.h */ = {isa = PBXFileReference; fileEncoding = 4; lastKnownFileType = sourcecode.c.h; path = DNAccountRegistrationResponse.h; sourceTree = "<group>"; };
		D7E496971AC9A331009131E6 /* DNAccountRegistrationResponse.m */ = {isa = PBXFileReference; fileEncoding = 4; lastKnownFileType = sourcecode.c.objc; path = DNAccountRegistrationResponse.m; sourceTree = "<group>"; };
		D7E496991AC9A331009131E6 /* DNConfigurationController.h */ = {isa = PBXFileReference; fileEncoding = 4; lastKnownFileType = sourcecode.c.h; path = DNConfigurationController.h; sourceTree = "<group>"; };
		D7E4969A1AC9A331009131E6 /* DNConfigurationController.m */ = {isa = PBXFileReference; fileEncoding = 4; lastKnownFileType = sourcecode.c.objc; path = DNConfigurationController.m; sourceTree = "<group>"; };
		D7E4969D1AC9A331009131E6 /* DNClientDetails.h */ = {isa = PBXFileReference; fileEncoding = 4; lastKnownFileType = sourcecode.c.h; path = DNClientDetails.h; sourceTree = "<group>"; };
		D7E4969E1AC9A331009131E6 /* DNClientDetails.m */ = {isa = PBXFileReference; fileEncoding = 4; lastKnownFileType = sourcecode.c.objc; path = DNClientDetails.m; sourceTree = "<group>"; };
		D7E496A01AC9A331009131E6 /* DNClientDetailsHelper.h */ = {isa = PBXFileReference; fileEncoding = 4; lastKnownFileType = sourcecode.c.h; path = DNClientDetailsHelper.h; sourceTree = "<group>"; };
		D7E496A11AC9A331009131E6 /* DNClientDetailsHelper.m */ = {isa = PBXFileReference; fileEncoding = 4; lastKnownFileType = sourcecode.c.objc; path = DNClientDetailsHelper.m; sourceTree = "<group>"; };
		D7E496A31AC9A331009131E6 /* DNDeviceDetails.h */ = {isa = PBXFileReference; fileEncoding = 4; lastKnownFileType = sourcecode.c.h; path = DNDeviceDetails.h; sourceTree = "<group>"; };
		D7E496A41AC9A331009131E6 /* DNDeviceDetails.m */ = {isa = PBXFileReference; fileEncoding = 4; lastKnownFileType = sourcecode.c.objc; path = DNDeviceDetails.m; sourceTree = "<group>"; };
		D7E496A61AC9A331009131E6 /* DNDeviceDetailsHelper.h */ = {isa = PBXFileReference; fileEncoding = 4; lastKnownFileType = sourcecode.c.h; path = DNDeviceDetailsHelper.h; sourceTree = "<group>"; };
		D7E496A71AC9A331009131E6 /* DNDeviceDetailsHelper.m */ = {isa = PBXFileReference; fileEncoding = 4; lastKnownFileType = sourcecode.c.objc; path = DNDeviceDetailsHelper.m; sourceTree = "<group>"; };
		D7E496A91AC9A331009131E6 /* DNRegistrationDetails.h */ = {isa = PBXFileReference; fileEncoding = 4; lastKnownFileType = sourcecode.c.h; lineEnding = 0; path = DNRegistrationDetails.h; sourceTree = "<group>"; xcLanguageSpecificationIdentifier = xcode.lang.objcpp; };
		D7E496AA1AC9A331009131E6 /* DNRegistrationDetails.m */ = {isa = PBXFileReference; fileEncoding = 4; lastKnownFileType = sourcecode.c.objc; path = DNRegistrationDetails.m; sourceTree = "<group>"; };
		D7E496AC1AC9A331009131E6 /* DNUserDetails.h */ = {isa = PBXFileReference; fileEncoding = 4; lastKnownFileType = sourcecode.c.h; lineEnding = 0; path = DNUserDetails.h; sourceTree = "<group>"; xcLanguageSpecificationIdentifier = xcode.lang.objcpp; };
		D7E496AD1AC9A331009131E6 /* DNUserDetails.m */ = {isa = PBXFileReference; fileEncoding = 4; lastKnownFileType = sourcecode.c.objc; path = DNUserDetails.m; sourceTree = "<group>"; };
		D7E496B01AC9A331009131E6 /* DNAppSettingsController.h */ = {isa = PBXFileReference; fileEncoding = 4; lastKnownFileType = sourcecode.c.h; lineEnding = 0; path = DNAppSettingsController.h; sourceTree = "<group>"; xcLanguageSpecificationIdentifier = xcode.lang.objcpp; };
		D7E496B11AC9A331009131E6 /* DNAppSettingsController.m */ = {isa = PBXFileReference; fileEncoding = 4; lastKnownFileType = sourcecode.c.objc; path = DNAppSettingsController.m; sourceTree = "<group>"; };
		D7E496B31AC9A331009131E6 /* DNConfiguration.plist */ = {isa = PBXFileReference; fileEncoding = 4; lastKnownFileType = text.plist.xml; path = DNConfiguration.plist; sourceTree = "<group>"; };
		D7E496B61AC9A331009131E6 /* DNAssetController.h */ = {isa = PBXFileReference; fileEncoding = 4; lastKnownFileType = sourcecode.c.h; path = DNAssetController.h; sourceTree = "<group>"; };
		D7E496B71AC9A331009131E6 /* DNAssetController.m */ = {isa = PBXFileReference; fileEncoding = 4; lastKnownFileType = sourcecode.c.objc; path = DNAssetController.m; sourceTree = "<group>"; };
		D7E496BC1AC9A331009131E6 /* NSManagedObject+DNHelper.h */ = {isa = PBXFileReference; fileEncoding = 4; lastKnownFileType = sourcecode.c.h; path = "NSManagedObject+DNHelper.h"; sourceTree = "<group>"; };
		D7E496BD1AC9A331009131E6 /* NSManagedObject+DNHelper.m */ = {isa = PBXFileReference; fileEncoding = 4; lastKnownFileType = sourcecode.c.objc; path = "NSManagedObject+DNHelper.m"; sourceTree = "<group>"; };
		D7E496BE1AC9A331009131E6 /* NSManagedObjectContext+DNDelete.h */ = {isa = PBXFileReference; fileEncoding = 4; lastKnownFileType = sourcecode.c.h; path = "NSManagedObjectContext+DNDelete.h"; sourceTree = "<group>"; };
		D7E496BF1AC9A331009131E6 /* NSManagedObjectContext+DNDelete.m */ = {isa = PBXFileReference; fileEncoding = 4; lastKnownFileType = sourcecode.c.objc; path = "NSManagedObjectContext+DNDelete.m"; sourceTree = "<group>"; };
		D7E496C31AC9A331009131E6 /* NSManagedObjectContext+DNHelpers.m */ = {isa = PBXFileReference; fileEncoding = 4; lastKnownFileType = sourcecode.c.objc; path = "NSManagedObjectContext+DNHelpers.m"; sourceTree = "<group>"; };
		D7E496C61AC9A331009131E6 /* DNKeychainHelper.h */ = {isa = PBXFileReference; fileEncoding = 4; lastKnownFileType = sourcecode.c.h; path = DNKeychainHelper.h; sourceTree = "<group>"; };
		D7E496C71AC9A331009131E6 /* DNKeychainHelper.m */ = {isa = PBXFileReference; fileEncoding = 4; lastKnownFileType = sourcecode.c.objc; path = DNKeychainHelper.m; sourceTree = "<group>"; };
		D7E496C91AC9A331009131E6 /* DNKeychainItemWrapper.h */ = {isa = PBXFileReference; fileEncoding = 4; lastKnownFileType = sourcecode.c.h; path = DNKeychainItemWrapper.h; sourceTree = "<group>"; };
		D7E496CA1AC9A331009131E6 /* DNKeychainItemWrapper.m */ = {isa = PBXFileReference; fileEncoding = 4; lastKnownFileType = sourcecode.c.objc; path = DNKeychainItemWrapper.m; sourceTree = "<group>"; };
		D7E496CC1AC9A331009131E6 /* DNDataController.h */ = {isa = PBXFileReference; fileEncoding = 4; lastKnownFileType = sourcecode.c.h; path = DNDataController.h; sourceTree = "<group>"; };
		D7E496CD1AC9A331009131E6 /* DNDataController.m */ = {isa = PBXFileReference; fileEncoding = 4; lastKnownFileType = sourcecode.c.objc; path = DNDataController.m; sourceTree = "<group>"; };
		D7E496D01AC9A331009131E6 /* DNDeviceUser.h */ = {isa = PBXFileReference; fileEncoding = 4; lastKnownFileType = sourcecode.c.h; path = DNDeviceUser.h; sourceTree = "<group>"; };
		D7E496D11AC9A331009131E6 /* DNDeviceUser.m */ = {isa = PBXFileReference; fileEncoding = 4; lastKnownFileType = sourcecode.c.objc; path = DNDeviceUser.m; sourceTree = "<group>"; };
		D7E496DE1AC9A331009131E6 /* DNEventSubscriber.h */ = {isa = PBXFileReference; fileEncoding = 4; lastKnownFileType = sourcecode.c.h; path = DNEventSubscriber.h; sourceTree = "<group>"; };
		D7E496DF1AC9A331009131E6 /* DNEventSubscriber.m */ = {isa = PBXFileReference; fileEncoding = 4; lastKnownFileType = sourcecode.c.objc; path = DNEventSubscriber.m; sourceTree = "<group>"; };
		D7E496E11AC9A331009131E6 /* DNLocalEvent.h */ = {isa = PBXFileReference; fileEncoding = 4; lastKnownFileType = sourcecode.c.h; lineEnding = 0; path = DNLocalEvent.h; sourceTree = "<group>"; xcLanguageSpecificationIdentifier = xcode.lang.objcpp; };
		D7E496E21AC9A331009131E6 /* DNLocalEvent.m */ = {isa = PBXFileReference; fileEncoding = 4; lastKnownFileType = sourcecode.c.objc; path = DNLocalEvent.m; sourceTree = "<group>"; };
		D7E496E41AC9A331009131E6 /* DNModuleDefinition.h */ = {isa = PBXFileReference; fileEncoding = 4; lastKnownFileType = sourcecode.c.h; lineEnding = 0; path = DNModuleDefinition.h; sourceTree = "<group>"; xcLanguageSpecificationIdentifier = xcode.lang.objcpp; };
		D7E496E51AC9A331009131E6 /* DNModuleDefinition.m */ = {isa = PBXFileReference; fileEncoding = 4; lastKnownFileType = sourcecode.c.objc; path = DNModuleDefinition.m; sourceTree = "<group>"; };
		D7E496E71AC9A331009131E6 /* DNModuleHelper.h */ = {isa = PBXFileReference; fileEncoding = 4; lastKnownFileType = sourcecode.c.h; path = DNModuleHelper.h; sourceTree = "<group>"; };
		D7E496E81AC9A331009131E6 /* DNModuleHelper.m */ = {isa = PBXFileReference; fileEncoding = 4; lastKnownFileType = sourcecode.c.objc; path = DNModuleHelper.m; sourceTree = "<group>"; };
		D7E496EA1AC9A331009131E6 /* DNNotificationSubscriber.h */ = {isa = PBXFileReference; fileEncoding = 4; lastKnownFileType = sourcecode.c.h; path = DNNotificationSubscriber.h; sourceTree = "<group>"; };
		D7E496EB1AC9A331009131E6 /* DNNotificationSubscriber.m */ = {isa = PBXFileReference; fileEncoding = 4; lastKnownFileType = sourcecode.c.objc; path = DNNotificationSubscriber.m; sourceTree = "<group>"; };
		D7E496ED1AC9A331009131E6 /* DNOutboundModules.h */ = {isa = PBXFileReference; fileEncoding = 4; lastKnownFileType = sourcecode.c.h; path = DNOutboundModules.h; sourceTree = "<group>"; };
		D7E496EE1AC9A331009131E6 /* DNOutboundModules.m */ = {isa = PBXFileReference; fileEncoding = 4; lastKnownFileType = sourcecode.c.objc; path = DNOutboundModules.m; sourceTree = "<group>"; };
		D7E496F01AC9A331009131E6 /* DNRegisteredServices.h */ = {isa = PBXFileReference; fileEncoding = 4; lastKnownFileType = sourcecode.c.h; path = DNRegisteredServices.h; sourceTree = "<group>"; };
		D7E496F11AC9A331009131E6 /* DNRegisteredServices.m */ = {isa = PBXFileReference; fileEncoding = 4; lastKnownFileType = sourcecode.c.objc; path = DNRegisteredServices.m; sourceTree = "<group>"; };
		D7E496F31AC9A331009131E6 /* DNSubscription.h */ = {isa = PBXFileReference; fileEncoding = 4; lastKnownFileType = sourcecode.c.h; lineEnding = 0; path = DNSubscription.h; sourceTree = "<group>"; xcLanguageSpecificationIdentifier = xcode.lang.objcpp; };
		D7E496F41AC9A331009131E6 /* DNSubscription.m */ = {isa = PBXFileReference; fileEncoding = 4; lastKnownFileType = sourcecode.c.objc; path = DNSubscription.m; sourceTree = "<group>"; };
		D7E496F61AC9A331009131E6 /* DNDonkyCore.h */ = {isa = PBXFileReference; fileEncoding = 4; lastKnownFileType = sourcecode.c.h; lineEnding = 0; path = DNDonkyCore.h; sourceTree = "<group>"; xcLanguageSpecificationIdentifier = xcode.lang.objcpp; };
		D7E496F71AC9A331009131E6 /* DNDonkyCore.m */ = {isa = PBXFileReference; fileEncoding = 4; lastKnownFileType = sourcecode.c.objc; path = DNDonkyCore.m; sourceTree = "<group>"; };
		D7E496FA1AC9A331009131E6 /* DNErrorController.h */ = {isa = PBXFileReference; fileEncoding = 4; lastKnownFileType = sourcecode.c.h; path = DNErrorController.h; sourceTree = "<group>"; };
		D7E496FB1AC9A331009131E6 /* DNErrorController.m */ = {isa = PBXFileReference; fileEncoding = 4; lastKnownFileType = sourcecode.c.objc; path = DNErrorController.m; sourceTree = "<group>"; };
		D7E496FE1AC9A331009131E6 /* DNLoggingController.h */ = {isa = PBXFileReference; fileEncoding = 4; lastKnownFileType = sourcecode.c.h; lineEnding = 0; path = DNLoggingController.h; sourceTree = "<group>"; xcLanguageSpecificationIdentifier = xcode.lang.objcpp; };
		D7E496FF1AC9A331009131E6 /* DNLoggingController.m */ = {isa = PBXFileReference; fileEncoding = 4; lastKnownFileType = sourcecode.c.objc; path = DNLoggingController.m; sourceTree = "<group>"; };
		D7E497031AC9A331009131E6 /* DNClientNotification.h */ = {isa = PBXFileReference; fileEncoding = 4; lastKnownFileType = sourcecode.c.h; path = DNClientNotification.h; sourceTree = "<group>"; };
		D7E497041AC9A331009131E6 /* DNClientNotification.m */ = {isa = PBXFileReference; fileEncoding = 4; lastKnownFileType = sourcecode.c.objc; path = DNClientNotification.m; sourceTree = "<group>"; };
		D7E497061AC9A331009131E6 /* DNContentNotification.h */ = {isa = PBXFileReference; fileEncoding = 4; lastKnownFileType = sourcecode.c.h; lineEnding = 0; path = DNContentNotification.h; sourceTree = "<group>"; xcLanguageSpecificationIdentifier = xcode.lang.objcpp; };
		D7E497071AC9A331009131E6 /* DNContentNotification.m */ = {isa = PBXFileReference; fileEncoding = 4; lastKnownFileType = sourcecode.c.objc; path = DNContentNotification.m; sourceTree = "<group>"; };
		D7E497091AC9A331009131E6 /* DNDeviceConnectivityController.h */ = {isa = PBXFileReference; fileEncoding = 4; lastKnownFileType = sourcecode.c.h; path = DNDeviceConnectivityController.h; sourceTree = "<group>"; };
		D7E4970A1AC9A331009131E6 /* DNDeviceConnectivityController.m */ = {isa = PBXFileReference; fileEncoding = 4; lastKnownFileType = sourcecode.c.objc; path = DNDeviceConnectivityController.m; sourceTree = "<group>"; };
		D7E4970C1AC9A331009131E6 /* DNNetworkHelper.h */ = {isa = PBXFileReference; fileEncoding = 4; lastKnownFileType = sourcecode.c.h; path = DNNetworkHelper.h; sourceTree = "<group>"; };
		D7E4970D1AC9A331009131E6 /* DNNetworkHelper.m */ = {isa = PBXFileReference; fileEncoding = 4; lastKnownFileType = sourcecode.c.objc; path = DNNetworkHelper.m; sourceTree = "<group>"; };
		D7E4970F1AC9A331009131E6 /* DNRequest.h */ = {isa = PBXFileReference; fileEncoding = 4; lastKnownFileType = sourcecode.c.h; path = DNRequest.h; sourceTree = "<group>"; };
		D7E497101AC9A331009131E6 /* DNRequest.m */ = {isa = PBXFileReference; fileEncoding = 4; lastKnownFileType = sourcecode.c.objc; path = DNRequest.m; sourceTree = "<group>"; };
		D7E497121AC9A331009131E6 /* DNRetryHelper.h */ = {isa = PBXFileReference; fileEncoding = 4; lastKnownFileType = sourcecode.c.h; path = DNRetryHelper.h; sourceTree = "<group>"; };
		D7E497131AC9A331009131E6 /* DNRetryHelper.m */ = {isa = PBXFileReference; fileEncoding = 4; lastKnownFileType = sourcecode.c.objc; path = DNRetryHelper.m; sourceTree = "<group>"; };
		D7E497151AC9A331009131E6 /* DNRetryObject.h */ = {isa = PBXFileReference; fileEncoding = 4; lastKnownFileType = sourcecode.c.h; path = DNRetryObject.h; sourceTree = "<group>"; };
		D7E497161AC9A331009131E6 /* DNRetryObject.m */ = {isa = PBXFileReference; fileEncoding = 4; lastKnownFileType = sourcecode.c.objc; path = DNRetryObject.m; sourceTree = "<group>"; };
		D7E497181AC9A331009131E6 /* DNServerNotification.h */ = {isa = PBXFileReference; fileEncoding = 4; lastKnownFileType = sourcecode.c.h; lineEnding = 0; path = DNServerNotification.h; sourceTree = "<group>"; xcLanguageSpecificationIdentifier = xcode.lang.objcpp; };
		D7E497191AC9A331009131E6 /* DNServerNotification.m */ = {isa = PBXFileReference; fileEncoding = 4; lastKnownFileType = sourcecode.c.objc; path = DNServerNotification.m; sourceTree = "<group>"; };
		D7E4971B1AC9A331009131E6 /* DNSessionManager.h */ = {isa = PBXFileReference; fileEncoding = 4; lastKnownFileType = sourcecode.c.h; lineEnding = 0; path = DNSessionManager.h; sourceTree = "<group>"; xcLanguageSpecificationIdentifier = xcode.lang.objcpp; };
		D7E4971C1AC9A331009131E6 /* DNSessionManager.m */ = {isa = PBXFileReference; fileEncoding = 4; lastKnownFileType = sourcecode.c.objc; path = DNSessionManager.m; sourceTree = "<group>"; };
		D7E4971E1AC9A331009131E6 /* DNSynchroniseResponse.h */ = {isa = PBXFileReference; fileEncoding = 4; lastKnownFileType = sourcecode.c.h; path = DNSynchroniseResponse.h; sourceTree = "<group>"; };
		D7E4971F1AC9A331009131E6 /* DNSynchroniseResponse.m */ = {isa = PBXFileReference; fileEncoding = 4; lastKnownFileType = sourcecode.c.objc; path = DNSynchroniseResponse.m; sourceTree = "<group>"; };
		D7E497211AC9A331009131E6 /* DNNetworkController.h */ = {isa = PBXFileReference; fileEncoding = 4; lastKnownFileType = sourcecode.c.h; lineEnding = 0; path = DNNetworkController.h; sourceTree = "<group>"; xcLanguageSpecificationIdentifier = xcode.lang.objcpp; };
		D7E497221AC9A331009131E6 /* DNNetworkController.m */ = {isa = PBXFileReference; fileEncoding = 4; lastKnownFileType = sourcecode.c.objc; path = DNNetworkController.m; sourceTree = "<group>"; };
		D7E497261AC9A331009131E6 /* DNPushNotificationUpdate.h */ = {isa = PBXFileReference; fileEncoding = 4; lastKnownFileType = sourcecode.c.h; path = DNPushNotificationUpdate.h; sourceTree = "<group>"; };
		D7E497271AC9A331009131E6 /* DNPushNotificationUpdate.m */ = {isa = PBXFileReference; fileEncoding = 4; lastKnownFileType = sourcecode.c.objc; path = DNPushNotificationUpdate.m; sourceTree = "<group>"; };
		D7E497291AC9A331009131E6 /* DNNotificationController.h */ = {isa = PBXFileReference; fileEncoding = 4; lastKnownFileType = sourcecode.c.h; lineEnding = 0; path = DNNotificationController.h; sourceTree = "<group>"; xcLanguageSpecificationIdentifier = xcode.lang.objcpp; };
		D7E4972A1AC9A331009131E6 /* DNNotificationController.m */ = {isa = PBXFileReference; fileEncoding = 4; lastKnownFileType = sourcecode.c.objc; path = DNNotificationController.m; sourceTree = "<group>"; };
		D7E4972D1AC9A331009131E6 /* DNBlockDefinitions.h */ = {isa = PBXFileReference; fileEncoding = 4; lastKnownFileType = sourcecode.c.h; lineEnding = 0; path = DNBlockDefinitions.h; sourceTree = "<group>"; xcLanguageSpecificationIdentifier = xcode.lang.objcpp; };
		D7E497301AC9A331009131E6 /* NSDate+DNDateHelper.h */ = {isa = PBXFileReference; fileEncoding = 4; lastKnownFileType = sourcecode.c.h; lineEnding = 0; path = "NSDate+DNDateHelper.h"; sourceTree = "<group>"; xcLanguageSpecificationIdentifier = xcode.lang.objcpp; };
		D7E497311AC9A331009131E6 /* NSDate+DNDateHelper.m */ = {isa = PBXFileReference; fileEncoding = 4; lastKnownFileType = sourcecode.c.objc; path = "NSDate+DNDateHelper.m"; sourceTree = "<group>"; };
		D7E497331AC9A331009131E6 /* NSMutableDictionary+DNDictionary.h */ = {isa = PBXFileReference; fileEncoding = 4; lastKnownFileType = sourcecode.c.h; lineEnding = 0; path = "NSMutableDictionary+DNDictionary.h"; sourceTree = "<group>"; xcLanguageSpecificationIdentifier = xcode.lang.objcpp; };
		D7E497341AC9A331009131E6 /* NSMutableDictionary+DNDictionary.m */ = {isa = PBXFileReference; fileEncoding = 4; lastKnownFileType = sourcecode.c.objc; path = "NSMutableDictionary+DNDictionary.m"; sourceTree = "<group>"; };
		D7E497361AC9A331009131E6 /* UIViewController+DNRootViewController.h */ = {isa = PBXFileReference; fileEncoding = 4; lastKnownFileType = sourcecode.c.h; lineEnding = 0; path = "UIViewController+DNRootViewController.h"; sourceTree = "<group>"; xcLanguageSpecificationIdentifier = xcode.lang.objcpp; };
		D7E497371AC9A331009131E6 /* UIViewController+DNRootViewController.m */ = {isa = PBXFileReference; fileEncoding = 4; lastKnownFileType = sourcecode.c.objc; path = "UIViewController+DNRootViewController.m"; sourceTree = "<group>"; };
		D7E497391AC9A331009131E6 /* DNConstants.h */ = {isa = PBXFileReference; fileEncoding = 4; lastKnownFileType = sourcecode.c.h; lineEnding = 0; path = DNConstants.h; sourceTree = "<group>"; xcLanguageSpecificationIdentifier = xcode.lang.objcpp; };
		D7E4973A1AC9A331009131E6 /* DNConstants.m */ = {isa = PBXFileReference; fileEncoding = 4; lastKnownFileType = sourcecode.c.objc; path = DNConstants.m; sourceTree = "<group>"; };
		D7E4973C1AC9A331009131E6 /* DNFileHelpers.h */ = {isa = PBXFileReference; fileEncoding = 4; lastKnownFileType = sourcecode.c.h; lineEnding = 0; path = DNFileHelpers.h; sourceTree = "<group>"; xcLanguageSpecificationIdentifier = xcode.lang.objcpp; };
		D7E4973D1AC9A331009131E6 /* DNFileHelpers.m */ = {isa = PBXFileReference; fileEncoding = 4; lastKnownFileType = sourcecode.c.objc; path = DNFileHelpers.m; sourceTree = "<group>"; };
		D7E4973F1AC9A331009131E6 /* DNLocalization.strings */ = {isa = PBXFileReference; fileEncoding = 4; lastKnownFileType = text.plist.strings; path = DNLocalization.strings; sourceTree = "<group>"; };
		D7E497401AC9A331009131E6 /* DNNetwork+Localization.h */ = {isa = PBXFileReference; fileEncoding = 4; lastKnownFileType = sourcecode.c.h; path = "DNNetwork+Localization.h"; sourceTree = "<group>"; };
		D7E497411AC9A331009131E6 /* DNNetwork+Localization.m */ = {isa = PBXFileReference; fileEncoding = 4; lastKnownFileType = sourcecode.c.objc; path = "DNNetwork+Localization.m"; sourceTree = "<group>"; };
		D7E497431AC9A331009131E6 /* DNSystemHelpers.h */ = {isa = PBXFileReference; fileEncoding = 4; lastKnownFileType = sourcecode.c.h; lineEnding = 0; path = DNSystemHelpers.h; sourceTree = "<group>"; xcLanguageSpecificationIdentifier = xcode.lang.objcpp; };
		D7E497441AC9A331009131E6 /* DNSystemHelpers.m */ = {isa = PBXFileReference; fileEncoding = 4; lastKnownFileType = sourcecode.c.objc; path = DNSystemHelpers.m; sourceTree = "<group>"; };
		D7FC7BC81ADFB3E7002E884C /* DNDonkyDataModel.xcdatamodel */ = {isa = PBXFileReference; lastKnownFileType = wrapper.xcdatamodel; path = DNDonkyDataModel.xcdatamodel; sourceTree = "<group>"; };
		D7FC7BCD1ADFB526002E884C /* DNMessage.h */ = {isa = PBXFileReference; fileEncoding = 4; lastKnownFileType = sourcecode.c.h; path = DNMessage.h; sourceTree = "<group>"; };
		D7FC7BCE1ADFB526002E884C /* DNMessage.m */ = {isa = PBXFileReference; fileEncoding = 4; lastKnownFileType = sourcecode.c.objc; path = DNMessage.m; sourceTree = "<group>"; };
		D7FC7C1A1ADFB661002E884C /* DNRichMessage.h */ = {isa = PBXFileReference; fileEncoding = 4; lastKnownFileType = sourcecode.c.h; path = DNRichMessage.h; sourceTree = "<group>"; };
		D7FC7C1B1ADFB661002E884C /* DNRichMessage.m */ = {isa = PBXFileReference; fileEncoding = 4; lastKnownFileType = sourcecode.c.objc; path = DNRichMessage.m; sourceTree = "<group>"; };
		E4B2A9006D743D93F39C395F /* Pods.debug.xcconfig */ = {isa = PBXFileReference; includeInIndex = 1; lastKnownFileType = text.xcconfig; name = Pods.debug.xcconfig; path = "Pods/Target Support Files/Pods/Pods.debug.xcconfig"; sourceTree = "<group>"; };
/* End PBXFileReference section */

/* Begin PBXFrameworksBuildPhase section */
		D7E496581AC9A097009131E6 /* Frameworks */ = {
			isa = PBXFrameworksBuildPhase;
			buildActionMask = 2147483647;
			files = (
				4B1E637D20B64E89BCD961ED /* libPods.a in Frameworks */,
			);
			runOnlyForDeploymentPostprocessing = 0;
		};
		D7E496711AC9A097009131E6 /* Frameworks */ = {
			isa = PBXFrameworksBuildPhase;
			buildActionMask = 2147483647;
			files = (
			);
			runOnlyForDeploymentPostprocessing = 0;
		};
/* End PBXFrameworksBuildPhase section */

/* Begin PBXGroup section */
		34F52B1CF77584CCD4FF471D /* Tags */ = {
			isa = PBXGroup;
			children = (
				34F520C572A6D99A41F961AE /* DNTag.h */,
				34F5294607B790BCA9A196A1 /* DNTag.m */,
			);
			path = Tags;
			sourceTree = "<group>";
		};
		B855947C1677B975B3C86AB7 /* Root View */ = {
			isa = PBXGroup;
			children = (
				B8559E1B2535F88A845595EF /* ViewController.h */,
				B8559DBABF94222D27D82026 /* ViewController.m */,
			);
			path = "Root View";
			sourceTree = "<group>";
		};
		B8559514860A93E1D88D68E0 /* Rich Message */ = {
			isa = PBXGroup;
			children = (
				D7FC7C1A1ADFB661002E884C /* DNRichMessage.h */,
				D7FC7C1B1ADFB661002E884C /* DNRichMessage.m */,
			);
			path = "Rich Message";
			sourceTree = "<group>";
		};
		B8559CD2DF4ED0FB619B962E /* App Delegate */ = {
			isa = PBXGroup;
			children = (
				B8559EE69006111C77F4FE5A /* AppDelegate.h */,
				B855965E6206F844E20BF6D9 /* AppDelegate.m */,
			);
			path = "App Delegate";
			sourceTree = "<group>";
		};
		B8559E7AFA4F0069CDFF0E35 /* Project Source */ = {
			isa = PBXGroup;
			children = (
				B8559CD2DF4ED0FB619B962E /* App Delegate */,
				B855947C1677B975B3C86AB7 /* Root View */,
			);
			path = "Project Source";
			sourceTree = "<group>";
		};
		B8559EA86B1C5D7044370272 /* Message */ = {
			isa = PBXGroup;
			children = (
				D7FC7BCD1ADFB526002E884C /* DNMessage.h */,
				D7FC7BCE1ADFB526002E884C /* DNMessage.m */,
			);
			path = Message;
			sourceTree = "<group>";
		};
		D7BDAB051AD6AAF3001A840C /* Notifications */ = {
			isa = PBXGroup;
			children = (
				D7BDAB061AD6AAFA001A840C /* DNNotification.h */,
				D7BDAB071AD6AAFA001A840C /* DNNotification.m */,
			);
			path = Notifications;
			sourceTree = "<group>";
		};
		D7E496521AC9A097009131E6 = {
			isa = PBXGroup;
			children = (
				D7E4965D1AC9A097009131E6 /* DonkyCore */,
				D7E496771AC9A097009131E6 /* DonkyCoreTests */,
				D7E4965C1AC9A097009131E6 /* Products */,
				EAEDC067FF8A55F0110B6867 /* Pods */,
				DC07100CEB6A6A72047C4B1B /* Frameworks */,
			);
			sourceTree = "<group>";
		};
		D7E4965C1AC9A097009131E6 /* Products */ = {
			isa = PBXGroup;
			children = (
				D7E4965B1AC9A097009131E6 /* DonkyCore.app */,
				D7E496741AC9A097009131E6 /* DonkyCoreTests.xctest */,
			);
			name = Products;
			sourceTree = "<group>";
		};
		D7E4965D1AC9A097009131E6 /* DonkyCore */ = {
			isa = PBXGroup;
			children = (
				D7E496841AC9A331009131E6 /* Core */,
				D7E496681AC9A097009131E6 /* Main.storyboard */,
				D7E4966B1AC9A097009131E6 /* Images.xcassets */,
				D7E4966D1AC9A097009131E6 /* LaunchScreen.xib */,
				D7E4965E1AC9A097009131E6 /* Supporting Files */,
				B8559E7AFA4F0069CDFF0E35 /* Project Source */,
			);
			path = DonkyCore;
			sourceTree = "<group>";
		};
		D7E4965E1AC9A097009131E6 /* Supporting Files */ = {
			isa = PBXGroup;
			children = (
				D7E4965F1AC9A097009131E6 /* Info.plist */,
				D7E496601AC9A097009131E6 /* main.m */,
			);
			name = "Supporting Files";
			sourceTree = "<group>";
		};
		D7E496771AC9A097009131E6 /* DonkyCoreTests */ = {
			isa = PBXGroup;
			children = (
				D7E4967A1AC9A097009131E6 /* DonkyCoreTests.m */,
				D7E496781AC9A097009131E6 /* Supporting Files */,
			);
			path = DonkyCoreTests;
			sourceTree = "<group>";
		};
		D7E496781AC9A097009131E6 /* Supporting Files */ = {
			isa = PBXGroup;
			children = (
				D7E496791AC9A097009131E6 /* Info.plist */,
			);
			name = "Supporting Files";
			sourceTree = "<group>";
		};
		D7E496841AC9A331009131E6 /* Core */ = {
			isa = PBXGroup;
			children = (
				D7E496851AC9A331009131E6 /* Account Controller */,
				D7E496AE1AC9A331009131E6 /* App Settings Controller */,
				D7E496B41AC9A331009131E6 /* Asset Controller */,
				D7E496B81AC9A331009131E6 /* Data Controller */,
				D7E496DB1AC9A331009131E6 /* Donky Core Controller */,
				D7E496F81AC9A331009131E6 /* Error Controller */,
				D7E496FC1AC9A331009131E6 /* Logging Controller */,
				D7E497001AC9A331009131E6 /* Network Controller */,
				D7E497231AC9A331009131E6 /* Notification Controller */,
				D7E4972B1AC9A331009131E6 /* Universal Helpers */,
			);
			name = Core;
			path = ../../../modules/Core;
			sourceTree = "<group>";
		};
		D7E496851AC9A331009131E6 /* Account Controller */ = {
			isa = PBXGroup;
			children = (
				D7E496861AC9A331009131E6 /* Helpers */,
				D7E4968D1AC9A331009131E6 /* Main Controller */,
				D7E496901AC9A331009131E6 /* Requests */,
				D7E496941AC9A331009131E6 /* Responses */,
				D7E4969B1AC9A331009131E6 /* Shared Types */,
				34F52B1CF77584CCD4FF471D /* Tags */,
			);
			path = "Account Controller";
			sourceTree = "<group>";
		};
		D7E496861AC9A331009131E6 /* Helpers */ = {
			isa = PBXGroup;
			children = (
				D7E496871AC9A331009131E6 /* Donky Network Details */,
				D7E4968A1AC9A331009131E6 /* User Defaults */,
			);
			path = Helpers;
			sourceTree = "<group>";
		};
		D7E496871AC9A331009131E6 /* Donky Network Details */ = {
			isa = PBXGroup;
			children = (
				D7E496881AC9A331009131E6 /* DNDonkyNetworkDetails.h */,
				D7E496891AC9A331009131E6 /* DNDonkyNetworkDetails.m */,
			);
			path = "Donky Network Details";
			sourceTree = "<group>";
		};
		D7E4968A1AC9A331009131E6 /* User Defaults */ = {
			isa = PBXGroup;
			children = (
				D7E4968B1AC9A331009131E6 /* DNUserDefaultsHelper.h */,
				D7E4968C1AC9A331009131E6 /* DNUserDefaultsHelper.m */,
			);
			path = "User Defaults";
			sourceTree = "<group>";
		};
		D7E4968D1AC9A331009131E6 /* Main Controller */ = {
			isa = PBXGroup;
			children = (
				D7E4968E1AC9A331009131E6 /* DNAccountController.h */,
				D7E4968F1AC9A331009131E6 /* DNAccountController.m */,
			);
			path = "Main Controller";
			sourceTree = "<group>";
		};
		D7E496901AC9A331009131E6 /* Requests */ = {
			isa = PBXGroup;
			children = (
				D7E496911AC9A331009131E6 /* User Authentication */,
			);
			path = Requests;
			sourceTree = "<group>";
		};
		D7E496911AC9A331009131E6 /* User Authentication */ = {
			isa = PBXGroup;
			children = (
				D7E496921AC9A331009131E6 /* DNUserAuthentication.h */,
				D7E496931AC9A331009131E6 /* DNUserAuthentication.m */,
			);
			path = "User Authentication";
			sourceTree = "<group>";
		};
		D7E496941AC9A331009131E6 /* Responses */ = {
			isa = PBXGroup;
			children = (
				D7E496951AC9A331009131E6 /* Account Response */,
				D7E496981AC9A331009131E6 /* Configuration Response */,
			);
			path = Responses;
			sourceTree = "<group>";
		};
		D7E496951AC9A331009131E6 /* Account Response */ = {
			isa = PBXGroup;
			children = (
				D7E496961AC9A331009131E6 /* DNAccountRegistrationResponse.h */,
				D7E496971AC9A331009131E6 /* DNAccountRegistrationResponse.m */,
			);
			path = "Account Response";
			sourceTree = "<group>";
		};
		D7E496981AC9A331009131E6 /* Configuration Response */ = {
			isa = PBXGroup;
			children = (
				D7E496991AC9A331009131E6 /* DNConfigurationController.h */,
				D7E4969A1AC9A331009131E6 /* DNConfigurationController.m */,
			);
			path = "Configuration Response";
			sourceTree = "<group>";
		};
		D7E4969B1AC9A331009131E6 /* Shared Types */ = {
			isa = PBXGroup;
			children = (
				D7E4969C1AC9A331009131E6 /* Client */,
				D7E496A21AC9A331009131E6 /* Device Details */,
				D7E496A81AC9A331009131E6 /* Registration Details */,
				D7E496AB1AC9A331009131E6 /* User Details */,
			);
			path = "Shared Types";
			sourceTree = "<group>";
		};
		D7E4969C1AC9A331009131E6 /* Client */ = {
			isa = PBXGroup;
			children = (
				D7E4969D1AC9A331009131E6 /* DNClientDetails.h */,
				D7E4969E1AC9A331009131E6 /* DNClientDetails.m */,
				D7E4969F1AC9A331009131E6 /* Helper */,
			);
			path = Client;
			sourceTree = "<group>";
		};
		D7E4969F1AC9A331009131E6 /* Helper */ = {
			isa = PBXGroup;
			children = (
				D7E496A01AC9A331009131E6 /* DNClientDetailsHelper.h */,
				D7E496A11AC9A331009131E6 /* DNClientDetailsHelper.m */,
			);
			path = Helper;
			sourceTree = "<group>";
		};
		D7E496A21AC9A331009131E6 /* Device Details */ = {
			isa = PBXGroup;
			children = (
				D7E496A31AC9A331009131E6 /* DNDeviceDetails.h */,
				D7E496A41AC9A331009131E6 /* DNDeviceDetails.m */,
				D7E496A51AC9A331009131E6 /* Helper */,
			);
			path = "Device Details";
			sourceTree = "<group>";
		};
		D7E496A51AC9A331009131E6 /* Helper */ = {
			isa = PBXGroup;
			children = (
				D7E496A61AC9A331009131E6 /* DNDeviceDetailsHelper.h */,
				D7E496A71AC9A331009131E6 /* DNDeviceDetailsHelper.m */,
			);
			path = Helper;
			sourceTree = "<group>";
		};
		D7E496A81AC9A331009131E6 /* Registration Details */ = {
			isa = PBXGroup;
			children = (
				D7E496A91AC9A331009131E6 /* DNRegistrationDetails.h */,
				D7E496AA1AC9A331009131E6 /* DNRegistrationDetails.m */,
			);
			path = "Registration Details";
			sourceTree = "<group>";
		};
		D7E496AB1AC9A331009131E6 /* User Details */ = {
			isa = PBXGroup;
			children = (
				D7E496AC1AC9A331009131E6 /* DNUserDetails.h */,
				D7E496AD1AC9A331009131E6 /* DNUserDetails.m */,
			);
			path = "User Details";
			sourceTree = "<group>";
		};
		D7E496AE1AC9A331009131E6 /* App Settings Controller */ = {
			isa = PBXGroup;
			children = (
				D7E496AF1AC9A331009131E6 /* Main Controller */,
				D7E496B21AC9A331009131E6 /* Resources */,
			);
			path = "App Settings Controller";
			sourceTree = "<group>";
		};
		D7E496AF1AC9A331009131E6 /* Main Controller */ = {
			isa = PBXGroup;
			children = (
				D7E496B01AC9A331009131E6 /* DNAppSettingsController.h */,
				D7E496B11AC9A331009131E6 /* DNAppSettingsController.m */,
			);
			path = "Main Controller";
			sourceTree = "<group>";
		};
		D7E496B21AC9A331009131E6 /* Resources */ = {
			isa = PBXGroup;
			children = (
				D7E496B31AC9A331009131E6 /* DNConfiguration.plist */,
			);
			path = Resources;
			sourceTree = "<group>";
		};
		D7E496B41AC9A331009131E6 /* Asset Controller */ = {
			isa = PBXGroup;
			children = (
				D7E496B51AC9A331009131E6 /* Main Controller */,
			);
			path = "Asset Controller";
			sourceTree = "<group>";
		};
		D7E496B51AC9A331009131E6 /* Main Controller */ = {
			isa = PBXGroup;
			children = (
				D7E496B61AC9A331009131E6 /* DNAssetController.h */,
				D7E496B71AC9A331009131E6 /* DNAssetController.m */,
			);
			path = "Main Controller";
			sourceTree = "<group>";
		};
		D7E496B81AC9A331009131E6 /* Data Controller */ = {
			isa = PBXGroup;
			children = (
				D7E496B91AC9A331009131E6 /* Helpers */,
				D7E496CB1AC9A331009131E6 /* Main Controller */,
				D7E496CE1AC9A331009131E6 /* Object Models */,
				D7E496D81AC9A331009131E6 /* Resources */,
			);
			path = "Data Controller";
			sourceTree = "<group>";
		};
		D7E496B91AC9A331009131E6 /* Helpers */ = {
			isa = PBXGroup;
			children = (
				D7E496BA1AC9A331009131E6 /* Core Data */,
				D7E496C41AC9A331009131E6 /* Keychain */,
			);
			path = Helpers;
			sourceTree = "<group>";
		};
		D7E496BA1AC9A331009131E6 /* Core Data */ = {
			isa = PBXGroup;
			children = (
				D7E496BB1AC9A331009131E6 /* Categories */,
			);
			path = "Core Data";
			sourceTree = "<group>";
		};
		D7E496BB1AC9A331009131E6 /* Categories */ = {
			isa = PBXGroup;
			children = (
				D7E496BC1AC9A331009131E6 /* NSManagedObject+DNHelper.h */,
				D7E496BD1AC9A331009131E6 /* NSManagedObject+DNHelper.m */,
				D7E496BE1AC9A331009131E6 /* NSManagedObjectContext+DNDelete.h */,
				D7E496BF1AC9A331009131E6 /* NSManagedObjectContext+DNDelete.m */,
				D7E496C31AC9A331009131E6 /* NSManagedObjectContext+DNHelpers.m */,
				B8559862A15921B0FBEB15F9 /* NSManagedObjectContext+DNHelpers.h */,
			);
			path = Categories;
			sourceTree = "<group>";
		};
		D7E496C41AC9A331009131E6 /* Keychain */ = {
			isa = PBXGroup;
			children = (
				D7E496C51AC9A331009131E6 /* Helper */,
				D7E496C81AC9A331009131E6 /* Wrapper */,
			);
			path = Keychain;
			sourceTree = "<group>";
		};
		D7E496C51AC9A331009131E6 /* Helper */ = {
			isa = PBXGroup;
			children = (
				D7E496C61AC9A331009131E6 /* DNKeychainHelper.h */,
				D7E496C71AC9A331009131E6 /* DNKeychainHelper.m */,
			);
			path = Helper;
			sourceTree = "<group>";
		};
		D7E496C81AC9A331009131E6 /* Wrapper */ = {
			isa = PBXGroup;
			children = (
				D7E496C91AC9A331009131E6 /* DNKeychainItemWrapper.h */,
				D7E496CA1AC9A331009131E6 /* DNKeychainItemWrapper.m */,
			);
			path = Wrapper;
			sourceTree = "<group>";
		};
		D7E496CB1AC9A331009131E6 /* Main Controller */ = {
			isa = PBXGroup;
			children = (
				D7E496CC1AC9A331009131E6 /* DNDataController.h */,
				D7E496CD1AC9A331009131E6 /* DNDataController.m */,
			);
			path = "Main Controller";
			sourceTree = "<group>";
		};
		D7E496CE1AC9A331009131E6 /* Object Models */ = {
			isa = PBXGroup;
			children = (
				D7BDAB051AD6AAF3001A840C /* Notifications */,
				D7E496CF1AC9A331009131E6 /* Device User */,
				D7E496D51AC9A331009131E6 /* User */,
				B8559514860A93E1D88D68E0 /* Rich Message */,
				B8559EA86B1C5D7044370272 /* Message */,
			);
			path = "Object Models";
			sourceTree = "<group>";
		};
		D7E496CF1AC9A331009131E6 /* Device User */ = {
			isa = PBXGroup;
			children = (
				D7E496D01AC9A331009131E6 /* DNDeviceUser.h */,
				D7E496D11AC9A331009131E6 /* DNDeviceUser.m */,
			);
			path = "Device User";
			sourceTree = "<group>";
		};
		D7E496D51AC9A331009131E6 /* User */ = {
			isa = PBXGroup;
			children = (
				D76736481AD50A96002D9A19 /* DNUser.h */,
				D76736491AD50A96002D9A19 /* DNUser.m */,
			);
			path = User;
			sourceTree = "<group>";
		};
		D7E496D81AC9A331009131E6 /* Resources */ = {
			isa = PBXGroup;
			children = (
				D7FC7BC71ADFB3E7002E884C /* DNDonkyDataModel.xcdatamodeld */,
			);
			path = Resources;
			sourceTree = "<group>";
		};
		D7E496DB1AC9A331009131E6 /* Donky Core Controller */ = {
			isa = PBXGroup;
			children = (
				D7E496DC1AC9A331009131E6 /* Helpers */,
				D7E496F51AC9A331009131E6 /* Main Controller */,
			);
			path = "Donky Core Controller";
			sourceTree = "<group>";
		};
		D7E496DC1AC9A331009131E6 /* Helpers */ = {
			isa = PBXGroup;
			children = (
				D7E496DD1AC9A331009131E6 /* Event Module Subscribers */,
				D7E496E31AC9A331009131E6 /* Module Definition */,
				D7E496E61AC9A331009131E6 /* Module Helper */,
				D7E496E91AC9A331009131E6 /* Notification Module Subscribers */,
				D7E496EC1AC9A331009131E6 /* Outbound Module Subscribers */,
				D7E496EF1AC9A331009131E6 /* Registered Services */,
				D7E496F21AC9A331009131E6 /* Subscription */,
			);
			path = Helpers;
			sourceTree = "<group>";
		};
		D7E496DD1AC9A331009131E6 /* Event Module Subscribers */ = {
			isa = PBXGroup;
			children = (
				D7E496DE1AC9A331009131E6 /* DNEventSubscriber.h */,
				D7E496DF1AC9A331009131E6 /* DNEventSubscriber.m */,
				D7E496E01AC9A331009131E6 /* Local Event */,
			);
			path = "Event Module Subscribers";
			sourceTree = "<group>";
		};
		D7E496E01AC9A331009131E6 /* Local Event */ = {
			isa = PBXGroup;
			children = (
				D7E496E11AC9A331009131E6 /* DNLocalEvent.h */,
				D7E496E21AC9A331009131E6 /* DNLocalEvent.m */,
			);
			path = "Local Event";
			sourceTree = "<group>";
		};
		D7E496E31AC9A331009131E6 /* Module Definition */ = {
			isa = PBXGroup;
			children = (
				D7E496E41AC9A331009131E6 /* DNModuleDefinition.h */,
				D7E496E51AC9A331009131E6 /* DNModuleDefinition.m */,
			);
			path = "Module Definition";
			sourceTree = "<group>";
		};
		D7E496E61AC9A331009131E6 /* Module Helper */ = {
			isa = PBXGroup;
			children = (
				D7E496E71AC9A331009131E6 /* DNModuleHelper.h */,
				D7E496E81AC9A331009131E6 /* DNModuleHelper.m */,
			);
			path = "Module Helper";
			sourceTree = "<group>";
		};
		D7E496E91AC9A331009131E6 /* Notification Module Subscribers */ = {
			isa = PBXGroup;
			children = (
				D7E496EA1AC9A331009131E6 /* DNNotificationSubscriber.h */,
				D7E496EB1AC9A331009131E6 /* DNNotificationSubscriber.m */,
			);
			path = "Notification Module Subscribers";
			sourceTree = "<group>";
		};
		D7E496EC1AC9A331009131E6 /* Outbound Module Subscribers */ = {
			isa = PBXGroup;
			children = (
				D7E496ED1AC9A331009131E6 /* DNOutboundModules.h */,
				D7E496EE1AC9A331009131E6 /* DNOutboundModules.m */,
			);
			path = "Outbound Module Subscribers";
			sourceTree = "<group>";
		};
		D7E496EF1AC9A331009131E6 /* Registered Services */ = {
			isa = PBXGroup;
			children = (
				D7E496F01AC9A331009131E6 /* DNRegisteredServices.h */,
				D7E496F11AC9A331009131E6 /* DNRegisteredServices.m */,
			);
			path = "Registered Services";
			sourceTree = "<group>";
		};
		D7E496F21AC9A331009131E6 /* Subscription */ = {
			isa = PBXGroup;
			children = (
				D7E496F31AC9A331009131E6 /* DNSubscription.h */,
				D7E496F41AC9A331009131E6 /* DNSubscription.m */,
			);
			path = Subscription;
			sourceTree = "<group>";
		};
		D7E496F51AC9A331009131E6 /* Main Controller */ = {
			isa = PBXGroup;
			children = (
				D7E496F61AC9A331009131E6 /* DNDonkyCore.h */,
				D7E496F71AC9A331009131E6 /* DNDonkyCore.m */,
			);
			path = "Main Controller";
			sourceTree = "<group>";
		};
		D7E496F81AC9A331009131E6 /* Error Controller */ = {
			isa = PBXGroup;
			children = (
				D7E496F91AC9A331009131E6 /* Main Controller */,
			);
			path = "Error Controller";
			sourceTree = "<group>";
		};
		D7E496F91AC9A331009131E6 /* Main Controller */ = {
			isa = PBXGroup;
			children = (
				D7E496FA1AC9A331009131E6 /* DNErrorController.h */,
				D7E496FB1AC9A331009131E6 /* DNErrorController.m */,
			);
			path = "Main Controller";
			sourceTree = "<group>";
		};
		D7E496FC1AC9A331009131E6 /* Logging Controller */ = {
			isa = PBXGroup;
			children = (
				D7E496FD1AC9A331009131E6 /* Main Controller */,
			);
			path = "Logging Controller";
			sourceTree = "<group>";
		};
		D7E496FD1AC9A331009131E6 /* Main Controller */ = {
			isa = PBXGroup;
			children = (
				D7E496FE1AC9A331009131E6 /* DNLoggingController.h */,
				D7E496FF1AC9A331009131E6 /* DNLoggingController.m */,
			);
			path = "Main Controller";
			sourceTree = "<group>";
		};
		D7E497001AC9A331009131E6 /* Network Controller */ = {
			isa = PBXGroup;
			children = (
				D7E497011AC9A331009131E6 /* Helpers */,
				D7E497201AC9A331009131E6 /* Main Controller */,
			);
			path = "Network Controller";
			sourceTree = "<group>";
		};
		D7E497011AC9A331009131E6 /* Helpers */ = {
			isa = PBXGroup;
			children = (
				D7E497021AC9A331009131E6 /* Client Notifications */,
				D7E497051AC9A331009131E6 /* Content Notifications */,
				D7E497081AC9A331009131E6 /* Device Connectivity */,
				D7E4970B1AC9A331009131E6 /* Network Helper */,
				D7E4970E1AC9A331009131E6 /* Requests Helper */,
				D7E497111AC9A331009131E6 /* Retry Helper */,
				D7E497171AC9A331009131E6 /* Server Notification */,
				D7E4971A1AC9A331009131E6 /* Session Manager */,
				D7E4971D1AC9A331009131E6 /* Synchroniss Response */,
			);
			path = Helpers;
			sourceTree = "<group>";
		};
		D7E497021AC9A331009131E6 /* Client Notifications */ = {
			isa = PBXGroup;
			children = (
				D7E497031AC9A331009131E6 /* DNClientNotification.h */,
				D7E497041AC9A331009131E6 /* DNClientNotification.m */,
			);
			path = "Client Notifications";
			sourceTree = "<group>";
		};
		D7E497051AC9A331009131E6 /* Content Notifications */ = {
			isa = PBXGroup;
			children = (
				D7E497061AC9A331009131E6 /* DNContentNotification.h */,
				D7E497071AC9A331009131E6 /* DNContentNotification.m */,
			);
			path = "Content Notifications";
			sourceTree = "<group>";
		};
		D7E497081AC9A331009131E6 /* Device Connectivity */ = {
			isa = PBXGroup;
			children = (
				D7E497091AC9A331009131E6 /* DNDeviceConnectivityController.h */,
				D7E4970A1AC9A331009131E6 /* DNDeviceConnectivityController.m */,
			);
			path = "Device Connectivity";
			sourceTree = "<group>";
		};
		D7E4970B1AC9A331009131E6 /* Network Helper */ = {
			isa = PBXGroup;
			children = (
				D7E4970C1AC9A331009131E6 /* DNNetworkHelper.h */,
				D7E4970D1AC9A331009131E6 /* DNNetworkHelper.m */,
			);
			path = "Network Helper";
			sourceTree = "<group>";
		};
		D7E4970E1AC9A331009131E6 /* Requests Helper */ = {
			isa = PBXGroup;
			children = (
				D7E4970F1AC9A331009131E6 /* DNRequest.h */,
				D7E497101AC9A331009131E6 /* DNRequest.m */,
			);
			path = "Requests Helper";
			sourceTree = "<group>";
		};
		D7E497111AC9A331009131E6 /* Retry Helper */ = {
			isa = PBXGroup;
			children = (
				D7E497121AC9A331009131E6 /* DNRetryHelper.h */,
				D7E497131AC9A331009131E6 /* DNRetryHelper.m */,
				D7E497141AC9A331009131E6 /* Retry Object */,
			);
			path = "Retry Helper";
			sourceTree = "<group>";
		};
		D7E497141AC9A331009131E6 /* Retry Object */ = {
			isa = PBXGroup;
			children = (
				D7E497151AC9A331009131E6 /* DNRetryObject.h */,
				D7E497161AC9A331009131E6 /* DNRetryObject.m */,
			);
			path = "Retry Object";
			sourceTree = "<group>";
		};
		D7E497171AC9A331009131E6 /* Server Notification */ = {
			isa = PBXGroup;
			children = (
				D7E497181AC9A331009131E6 /* DNServerNotification.h */,
				D7E497191AC9A331009131E6 /* DNServerNotification.m */,
			);
			path = "Server Notification";
			sourceTree = "<group>";
		};
		D7E4971A1AC9A331009131E6 /* Session Manager */ = {
			isa = PBXGroup;
			children = (
				D7E4971B1AC9A331009131E6 /* DNSessionManager.h */,
				D7E4971C1AC9A331009131E6 /* DNSessionManager.m */,
			);
			path = "Session Manager";
			sourceTree = "<group>";
		};
		D7E4971D1AC9A331009131E6 /* Synchroniss Response */ = {
			isa = PBXGroup;
			children = (
				D7E4971E1AC9A331009131E6 /* DNSynchroniseResponse.h */,
				D7E4971F1AC9A331009131E6 /* DNSynchroniseResponse.m */,
			);
			path = "Synchroniss Response";
			sourceTree = "<group>";
		};
		D7E497201AC9A331009131E6 /* Main Controller */ = {
			isa = PBXGroup;
			children = (
				D7E497211AC9A331009131E6 /* DNNetworkController.h */,
				D7E497221AC9A331009131E6 /* DNNetworkController.m */,
			);
			path = "Main Controller";
			sourceTree = "<group>";
		};
		D7E497231AC9A331009131E6 /* Notification Controller */ = {
			isa = PBXGroup;
			children = (
				D7E497241AC9A331009131E6 /* Helpers */,
				D7E497281AC9A331009131E6 /* Main Controller */,
			);
			path = "Notification Controller";
			sourceTree = "<group>";
		};
		D7E497241AC9A331009131E6 /* Helpers */ = {
			isa = PBXGroup;
			children = (
				D7E497251AC9A331009131E6 /* Token Update */,
			);
			path = Helpers;
			sourceTree = "<group>";
		};
		D7E497251AC9A331009131E6 /* Token Update */ = {
			isa = PBXGroup;
			children = (
				D7E497261AC9A331009131E6 /* DNPushNotificationUpdate.h */,
				D7E497271AC9A331009131E6 /* DNPushNotificationUpdate.m */,
			);
			path = "Token Update";
			sourceTree = "<group>";
		};
		D7E497281AC9A331009131E6 /* Main Controller */ = {
			isa = PBXGroup;
			children = (
				D7E497291AC9A331009131E6 /* DNNotificationController.h */,
				D7E4972A1AC9A331009131E6 /* DNNotificationController.m */,
			);
			path = "Main Controller";
			sourceTree = "<group>";
		};
		D7E4972B1AC9A331009131E6 /* Universal Helpers */ = {
			isa = PBXGroup;
			children = (
				D7E4972C1AC9A331009131E6 /* Block Definitions */,
				D7E4972E1AC9A331009131E6 /* Categories */,
				D7E497381AC9A331009131E6 /* Constants */,
				D7E4973B1AC9A331009131E6 /* File Helper */,
				D7E4973E1AC9A331009131E6 /* Localization */,
				D7E497421AC9A331009131E6 /* System Helpers */,
			);
			path = "Universal Helpers";
			sourceTree = "<group>";
		};
		D7E4972C1AC9A331009131E6 /* Block Definitions */ = {
			isa = PBXGroup;
			children = (
				D7E4972D1AC9A331009131E6 /* DNBlockDefinitions.h */,
			);
			path = "Block Definitions";
			sourceTree = "<group>";
		};
		D7E4972E1AC9A331009131E6 /* Categories */ = {
			isa = PBXGroup;
			children = (
				D7E4972F1AC9A331009131E6 /* NSDate */,
				D7E497321AC9A331009131E6 /* NSDictionary */,
				D7E497351AC9A331009131E6 /* UIViewController */,
			);
			path = Categories;
			sourceTree = "<group>";
		};
		D7E4972F1AC9A331009131E6 /* NSDate */ = {
			isa = PBXGroup;
			children = (
				D7E497301AC9A331009131E6 /* NSDate+DNDateHelper.h */,
				D7E497311AC9A331009131E6 /* NSDate+DNDateHelper.m */,
			);
			path = NSDate;
			sourceTree = "<group>";
		};
		D7E497321AC9A331009131E6 /* NSDictionary */ = {
			isa = PBXGroup;
			children = (
				D7E497331AC9A331009131E6 /* NSMutableDictionary+DNDictionary.h */,
				D7E497341AC9A331009131E6 /* NSMutableDictionary+DNDictionary.m */,
			);
			path = NSDictionary;
			sourceTree = "<group>";
		};
		D7E497351AC9A331009131E6 /* UIViewController */ = {
			isa = PBXGroup;
			children = (
				D7E497361AC9A331009131E6 /* UIViewController+DNRootViewController.h */,
				D7E497371AC9A331009131E6 /* UIViewController+DNRootViewController.m */,
			);
			path = UIViewController;
			sourceTree = "<group>";
		};
		D7E497381AC9A331009131E6 /* Constants */ = {
			isa = PBXGroup;
			children = (
				D7E497391AC9A331009131E6 /* DNConstants.h */,
				D7E4973A1AC9A331009131E6 /* DNConstants.m */,
			);
			path = Constants;
			sourceTree = "<group>";
		};
		D7E4973B1AC9A331009131E6 /* File Helper */ = {
			isa = PBXGroup;
			children = (
				D7E4973C1AC9A331009131E6 /* DNFileHelpers.h */,
				D7E4973D1AC9A331009131E6 /* DNFileHelpers.m */,
			);
			path = "File Helper";
			sourceTree = "<group>";
		};
		D7E4973E1AC9A331009131E6 /* Localization */ = {
			isa = PBXGroup;
			children = (
				D7E4973F1AC9A331009131E6 /* DNLocalization.strings */,
				D7E497401AC9A331009131E6 /* DNNetwork+Localization.h */,
				D7E497411AC9A331009131E6 /* DNNetwork+Localization.m */,
			);
			path = Localization;
			sourceTree = "<group>";
		};
		D7E497421AC9A331009131E6 /* System Helpers */ = {
			isa = PBXGroup;
			children = (
				D7E497431AC9A331009131E6 /* DNSystemHelpers.h */,
				D7E497441AC9A331009131E6 /* DNSystemHelpers.m */,
			);
			path = "System Helpers";
			sourceTree = "<group>";
		};
		DC07100CEB6A6A72047C4B1B /* Frameworks */ = {
			isa = PBXGroup;
			children = (
				B53AA407B31B4482CF21EB66 /* libPods.a */,
			);
			name = Frameworks;
			sourceTree = "<group>";
		};
		EAEDC067FF8A55F0110B6867 /* Pods */ = {
			isa = PBXGroup;
			children = (
				E4B2A9006D743D93F39C395F /* Pods.debug.xcconfig */,
				7CF020019F106D13E13B4843 /* Pods.release.xcconfig */,
			);
			name = Pods;
			sourceTree = "<group>";
		};
/* End PBXGroup section */

/* Begin PBXNativeTarget section */
		D7E4965A1AC9A097009131E6 /* DonkyCore */ = {
			isa = PBXNativeTarget;
			buildConfigurationList = D7E4967E1AC9A097009131E6 /* Build configuration list for PBXNativeTarget "DonkyCore" */;
			buildPhases = (
				1363E296ADD05AA6EBE8857C /* Check Pods Manifest.lock */,
				D7E496571AC9A097009131E6 /* Sources */,
				D7E496581AC9A097009131E6 /* Frameworks */,
				D7E496591AC9A097009131E6 /* Resources */,
				3884CF15B77A8EE3E0CA8348 /* Copy Pods Resources */,
			);
			buildRules = (
			);
			dependencies = (
			);
			name = DonkyCore;
			productName = DonkyCore;
			productReference = D7E4965B1AC9A097009131E6 /* DonkyCore.app */;
			productType = "com.apple.product-type.application";
		};
		D7E496731AC9A097009131E6 /* DonkyCoreTests */ = {
			isa = PBXNativeTarget;
			buildConfigurationList = D7E496811AC9A097009131E6 /* Build configuration list for PBXNativeTarget "DonkyCoreTests" */;
			buildPhases = (
				D7E496701AC9A097009131E6 /* Sources */,
				D7E496711AC9A097009131E6 /* Frameworks */,
				D7E496721AC9A097009131E6 /* Resources */,
				D038B88A1AC9D37F0028271E /* ShellScript */,
			);
			buildRules = (
			);
			dependencies = (
				D7E496761AC9A097009131E6 /* PBXTargetDependency */,
			);
			name = DonkyCoreTests;
			productName = DonkyCoreTests;
			productReference = D7E496741AC9A097009131E6 /* DonkyCoreTests.xctest */;
			productType = "com.apple.product-type.bundle.unit-test";
		};
/* End PBXNativeTarget section */

/* Begin PBXProject section */
		D7E496531AC9A097009131E6 /* Project object */ = {
			isa = PBXProject;
			attributes = {
				LastUpgradeCheck = 0620;
				ORGANIZATIONNAME = "Chris Watson";
				TargetAttributes = {
					D7E4965A1AC9A097009131E6 = {
						CreatedOnToolsVersion = 6.2;
						SystemCapabilities = {
							com.apple.BackgroundModes = {
								enabled = 1;
							};
						};
					};
					D7E496731AC9A097009131E6 = {
						CreatedOnToolsVersion = 6.2;
						TestTargetID = D7E4965A1AC9A097009131E6;
					};
				};
			};
			buildConfigurationList = D7E496561AC9A097009131E6 /* Build configuration list for PBXProject "DonkyCore" */;
			compatibilityVersion = "Xcode 3.2";
			developmentRegion = English;
			hasScannedForEncodings = 0;
			knownRegions = (
				en,
				Base,
			);
			mainGroup = D7E496521AC9A097009131E6;
			productRefGroup = D7E4965C1AC9A097009131E6 /* Products */;
			projectDirPath = "";
			projectRoot = "";
			targets = (
				D7E4965A1AC9A097009131E6 /* DonkyCore */,
				D7E496731AC9A097009131E6 /* DonkyCoreTests */,
			);
		};
/* End PBXProject section */

/* Begin PBXResourcesBuildPhase section */
		D7E496591AC9A097009131E6 /* Resources */ = {
			isa = PBXResourcesBuildPhase;
			buildActionMask = 2147483647;
			files = (
				D7E4966A1AC9A097009131E6 /* Main.storyboard in Resources */,
				D7E497521AC9A331009131E6 /* DNConfiguration.plist in Resources */,
				D7E4966F1AC9A097009131E6 /* LaunchScreen.xib in Resources */,
				D7E4966C1AC9A097009131E6 /* Images.xcassets in Resources */,
				D7E4977C1AC9A331009131E6 /* DNLocalization.strings in Resources */,
			);
			runOnlyForDeploymentPostprocessing = 0;
		};
		D7E496721AC9A097009131E6 /* Resources */ = {
			isa = PBXResourcesBuildPhase;
			buildActionMask = 2147483647;
			files = (
			);
			runOnlyForDeploymentPostprocessing = 0;
		};
/* End PBXResourcesBuildPhase section */

/* Begin PBXShellScriptBuildPhase section */
		1363E296ADD05AA6EBE8857C /* Check Pods Manifest.lock */ = {
			isa = PBXShellScriptBuildPhase;
			buildActionMask = 2147483647;
			files = (
			);
			inputPaths = (
			);
			name = "Check Pods Manifest.lock";
			outputPaths = (
			);
			runOnlyForDeploymentPostprocessing = 0;
			shellPath = /bin/sh;
			shellScript = "diff \"${PODS_ROOT}/../Podfile.lock\" \"${PODS_ROOT}/Manifest.lock\" > /dev/null\nif [[ $? != 0 ]] ; then\n    cat << EOM\nerror: The sandbox is not in sync with the Podfile.lock. Run 'pod install' or update your CocoaPods installation.\nEOM\n    exit 1\nfi\n";
			showEnvVarsInLog = 0;
		};
		3884CF15B77A8EE3E0CA8348 /* Copy Pods Resources */ = {
			isa = PBXShellScriptBuildPhase;
			buildActionMask = 2147483647;
			files = (
			);
			inputPaths = (
			);
			name = "Copy Pods Resources";
			outputPaths = (
			);
			runOnlyForDeploymentPostprocessing = 0;
			shellPath = /bin/sh;
			shellScript = "\"${SRCROOT}/Pods/Target Support Files/Pods/Pods-resources.sh\"\n";
			showEnvVarsInLog = 0;
		};
		D038B88A1AC9D37F0028271E /* ShellScript */ = {
			isa = PBXShellScriptBuildPhase;
			buildActionMask = 2147483647;
			files = (
			);
			inputPaths = (
			);
			outputPaths = (
			);
			runOnlyForDeploymentPostprocessing = 0;
			shellPath = /bin/sh;
			shellScript = "# Run gcov on the framework getting tested\nif [ \"${CONFIGURATION}\" = 'DonkyCoreTests' ]; then\nTARGET_NAME=\"DonkyCoreTests\"\nOBJ_DIR=${OBJROOT}/${TARGET_NAME}.build/${CONFIGURATION}/${TARGET_NAME}.build/Objects-normal/${CURRENT_ARCH}\nmkdir -p Coverage\npushd Coverage\nfind \"${OBJROOT}\" -name *.gcda -exec gcov -o \"${OBJ_DIR}\" {} \\; 2>/tmp/gconv-stderr | egrep \"^File|^Lines\" | sed -E \"s@File '$SRCROOT/@@;s@(\\.[a-zA-Z])'@\\1: @;s@Lines executed:([0-9.%]+) of ([0-9]+)@\\1 (\\2)@\" | paste -d\" \" - - | egrep -v \"^File '\" | sed -E \"s@^([^:]+):([^(]*)(\\([^)]+\\))@\\2:\\1\\3@\" | sort -n | sed -E \"s@^([^:]+):([^(]*)(\\([^)]+\\))@\\2:\\1\\3@\"; cat /tmp/gconv-stderr | grep -v \"version.*, prefer.*\"; rm /tmp/gconv-stderr\npopd\nfi";
		};
/* End PBXShellScriptBuildPhase section */

/* Begin PBXSourcesBuildPhase section */
		D7E496571AC9A097009131E6 /* Sources */ = {
			isa = PBXSourcesBuildPhase;
			buildActionMask = 2147483647;
			files = (
				D7E4977E1AC9A331009131E6 /* DNSystemHelpers.m in Sources */,
				D7E497581AC9A331009131E6 /* DNKeychainHelper.m in Sources */,
				D7E497481AC9A331009131E6 /* DNUserAuthentication.m in Sources */,
				D7E497621AC9A331009131E6 /* DNModuleHelper.m in Sources */,
				D7E497671AC9A331009131E6 /* DNDonkyCore.m in Sources */,
				D7E4974E1AC9A331009131E6 /* DNDeviceDetailsHelper.m in Sources */,
				D7E497761AC9A331009131E6 /* DNNotificationController.m in Sources */,
				D7E4974F1AC9A331009131E6 /* DNRegistrationDetails.m in Sources */,
				D767364A1AD50A96002D9A19 /* DNUser.m in Sources */,
				D7E497661AC9A331009131E6 /* DNSubscription.m in Sources */,
				D7E497631AC9A331009131E6 /* DNNotificationSubscriber.m in Sources */,
				D7E4977B1AC9A331009131E6 /* DNFileHelpers.m in Sources */,
				D7E497471AC9A331009131E6 /* DNAccountController.m in Sources */,
				D7E497541AC9A331009131E6 /* NSManagedObject+DNHelper.m in Sources */,
				D7E497771AC9A331009131E6 /* NSDate+DNDateHelper.m in Sources */,
				D7FC7C1C1ADFB661002E884C /* DNRichMessage.m in Sources */,
				D7E497491AC9A331009131E6 /* DNAccountRegistrationResponse.m in Sources */,
				D7E497501AC9A331009131E6 /* DNUserDetails.m in Sources */,
				D7E497611AC9A331009131E6 /* DNModuleDefinition.m in Sources */,
				D7E497721AC9A331009131E6 /* DNSessionManager.m in Sources */,
				D7E497451AC9A331009131E6 /* DNDonkyNetworkDetails.m in Sources */,
				D7E4974C1AC9A331009131E6 /* DNClientDetailsHelper.m in Sources */,
				D7E4976A1AC9A331009131E6 /* DNClientNotification.m in Sources */,
				D7E497751AC9A331009131E6 /* DNPushNotificationUpdate.m in Sources */,
				D7E4976C1AC9A331009131E6 /* DNDeviceConnectivityController.m in Sources */,
				D7E497791AC9A331009131E6 /* UIViewController+DNRootViewController.m in Sources */,
				D7BDAB081AD6AAFA001A840C /* DNNotification.m in Sources */,
				D7E4976F1AC9A331009131E6 /* DNRetryHelper.m in Sources */,
				D7E497591AC9A331009131E6 /* DNKeychainItemWrapper.m in Sources */,
				D7E497571AC9A331009131E6 /* NSManagedObjectContext+DNHelpers.m in Sources */,
				D7E4976E1AC9A331009131E6 /* DNRequest.m in Sources */,
				D7E4975A1AC9A331009131E6 /* DNDataController.m in Sources */,
				D7E4974B1AC9A331009131E6 /* DNClientDetails.m in Sources */,
				D7E497781AC9A331009131E6 /* NSMutableDictionary+DNDictionary.m in Sources */,
				D7E4977A1AC9A331009131E6 /* DNConstants.m in Sources */,
				D7E4977D1AC9A331009131E6 /* DNNetwork+Localization.m in Sources */,
				D7E497601AC9A331009131E6 /* DNLocalEvent.m in Sources */,
				D7E4974A1AC9A331009131E6 /* DNConfigurationController.m in Sources */,
				D7FC7BCF1ADFB526002E884C /* DNMessage.m in Sources */,
				D7E497741AC9A331009131E6 /* DNNetworkController.m in Sources */,
				D7E497641AC9A331009131E6 /* DNOutboundModules.m in Sources */,
				D7E497691AC9A331009131E6 /* DNLoggingController.m in Sources */,
				D7E4975F1AC9A331009131E6 /* DNEventSubscriber.m in Sources */,
				D7E497681AC9A331009131E6 /* DNErrorController.m in Sources */,
				D7E4974D1AC9A331009131E6 /* DNDeviceDetails.m in Sources */,
				D7E497531AC9A331009131E6 /* DNAssetController.m in Sources */,
				D7E4976B1AC9A331009131E6 /* DNContentNotification.m in Sources */,
				D7E497511AC9A331009131E6 /* DNAppSettingsController.m in Sources */,
				D7E497711AC9A331009131E6 /* DNServerNotification.m in Sources */,
				D7E497731AC9A331009131E6 /* DNSynchroniseResponse.m in Sources */,
				D7E497551AC9A331009131E6 /* NSManagedObjectContext+DNDelete.m in Sources */,
				D7E497651AC9A331009131E6 /* DNRegisteredServices.m in Sources */,
				D7FC7BC91ADFB3E7002E884C /* DNDonkyDataModel.xcdatamodeld in Sources */,
				D7E497461AC9A331009131E6 /* DNUserDefaultsHelper.m in Sources */,
				D7E4975B1AC9A331009131E6 /* DNDeviceUser.m in Sources */,
				D7E497701AC9A331009131E6 /* DNRetryObject.m in Sources */,
				D7E496611AC9A097009131E6 /* main.m in Sources */,
				D7E4976D1AC9A331009131E6 /* DNNetworkHelper.m in Sources */,
				B8559094709A03708C563AF0 /* AppDelegate.m in Sources */,
				B8559C3D5486E40649EFD55A /* ViewController.m in Sources */,
				34F520A4BEB0354A2AE3FEA6 /* DNTag.m in Sources */,
			);
			runOnlyForDeploymentPostprocessing = 0;
		};
		D7E496701AC9A097009131E6 /* Sources */ = {
			isa = PBXSourcesBuildPhase;
			buildActionMask = 2147483647;
			files = (
				D7E4967B1AC9A097009131E6 /* DonkyCoreTests.m in Sources */,
			);
			runOnlyForDeploymentPostprocessing = 0;
		};
/* End PBXSourcesBuildPhase section */

/* Begin PBXTargetDependency section */
		D7E496761AC9A097009131E6 /* PBXTargetDependency */ = {
			isa = PBXTargetDependency;
			target = D7E4965A1AC9A097009131E6 /* DonkyCore */;
			targetProxy = D7E496751AC9A097009131E6 /* PBXContainerItemProxy */;
		};
/* End PBXTargetDependency section */

/* Begin PBXVariantGroup section */
		D7E496681AC9A097009131E6 /* Main.storyboard */ = {
			isa = PBXVariantGroup;
			children = (
				D7E496691AC9A097009131E6 /* Base */,
			);
			name = Main.storyboard;
			sourceTree = "<group>";
		};
		D7E4966D1AC9A097009131E6 /* LaunchScreen.xib */ = {
			isa = PBXVariantGroup;
			children = (
				D7E4966E1AC9A097009131E6 /* Base */,
			);
			name = LaunchScreen.xib;
			sourceTree = "<group>";
		};
/* End PBXVariantGroup section */

/* Begin XCBuildConfiguration section */
		D7E4967C1AC9A097009131E6 /* Debug */ = {
			isa = XCBuildConfiguration;
			buildSettings = {
				ALWAYS_SEARCH_USER_PATHS = NO;
				CLANG_CXX_LANGUAGE_STANDARD = "gnu++0x";
				CLANG_CXX_LIBRARY = "libc++";
				CLANG_ENABLE_MODULES = YES;
				CLANG_ENABLE_OBJC_ARC = YES;
				CLANG_WARN_BOOL_CONVERSION = YES;
				CLANG_WARN_CONSTANT_CONVERSION = YES;
				CLANG_WARN_DIRECT_OBJC_ISA_USAGE = YES_ERROR;
				CLANG_WARN_EMPTY_BODY = YES;
				CLANG_WARN_ENUM_CONVERSION = YES;
				CLANG_WARN_INT_CONVERSION = YES;
				CLANG_WARN_OBJC_ROOT_CLASS = YES_ERROR;
				CLANG_WARN_UNREACHABLE_CODE = YES;
				CLANG_WARN__DUPLICATE_METHOD_MATCH = YES;
				"CODE_SIGN_IDENTITY[sdk=iphoneos*]" = "iPhone Developer";
				COPY_PHASE_STRIP = NO;
				ENABLE_STRICT_OBJC_MSGSEND = YES;
				GCC_C_LANGUAGE_STANDARD = gnu99;
				GCC_DYNAMIC_NO_PIC = NO;
				GCC_OPTIMIZATION_LEVEL = 0;
				GCC_PREPROCESSOR_DEFINITIONS = (
					"DEBUG=1",
					"$(inherited)",
				);
				GCC_SYMBOLS_PRIVATE_EXTERN = NO;
				GCC_WARN_64_TO_32_BIT_CONVERSION = YES;
				GCC_WARN_ABOUT_RETURN_TYPE = YES_ERROR;
				GCC_WARN_UNDECLARED_SELECTOR = YES;
				GCC_WARN_UNINITIALIZED_AUTOS = YES_AGGRESSIVE;
				GCC_WARN_UNUSED_FUNCTION = YES;
				GCC_WARN_UNUSED_VARIABLE = YES;
				IPHONEOS_DEPLOYMENT_TARGET = 7.1;
				MTL_ENABLE_DEBUG_INFO = YES;
				ONLY_ACTIVE_ARCH = YES;
				SDKROOT = iphoneos;
				TARGETED_DEVICE_FAMILY = "1,2";
			};
			name = Debug;
		};
		D7E4967D1AC9A097009131E6 /* Release */ = {
			isa = XCBuildConfiguration;
			buildSettings = {
				ALWAYS_SEARCH_USER_PATHS = NO;
				CLANG_CXX_LANGUAGE_STANDARD = "gnu++0x";
				CLANG_CXX_LIBRARY = "libc++";
				CLANG_ENABLE_MODULES = YES;
				CLANG_ENABLE_OBJC_ARC = YES;
				CLANG_WARN_BOOL_CONVERSION = YES;
				CLANG_WARN_CONSTANT_CONVERSION = YES;
				CLANG_WARN_DIRECT_OBJC_ISA_USAGE = YES_ERROR;
				CLANG_WARN_EMPTY_BODY = YES;
				CLANG_WARN_ENUM_CONVERSION = YES;
				CLANG_WARN_INT_CONVERSION = YES;
				CLANG_WARN_OBJC_ROOT_CLASS = YES_ERROR;
				CLANG_WARN_UNREACHABLE_CODE = YES;
				CLANG_WARN__DUPLICATE_METHOD_MATCH = YES;
				"CODE_SIGN_IDENTITY[sdk=iphoneos*]" = "iPhone Developer";
				COPY_PHASE_STRIP = NO;
				ENABLE_NS_ASSERTIONS = NO;
				ENABLE_STRICT_OBJC_MSGSEND = YES;
				GCC_C_LANGUAGE_STANDARD = gnu99;
				GCC_WARN_64_TO_32_BIT_CONVERSION = YES;
				GCC_WARN_ABOUT_RETURN_TYPE = YES_ERROR;
				GCC_WARN_UNDECLARED_SELECTOR = YES;
				GCC_WARN_UNINITIALIZED_AUTOS = YES_AGGRESSIVE;
				GCC_WARN_UNUSED_FUNCTION = YES;
				GCC_WARN_UNUSED_VARIABLE = YES;
				IPHONEOS_DEPLOYMENT_TARGET = 7.1;
				MTL_ENABLE_DEBUG_INFO = NO;
				SDKROOT = iphoneos;
				TARGETED_DEVICE_FAMILY = "1,2";
				VALIDATE_PRODUCT = YES;
			};
			name = Release;
		};
		D7E4967F1AC9A097009131E6 /* Debug */ = {
			isa = XCBuildConfiguration;
			baseConfigurationReference = E4B2A9006D743D93F39C395F /* Pods.debug.xcconfig */;
			buildSettings = {
				ASSETCATALOG_COMPILER_APPICON_NAME = AppIcon;
				GCC_GENERATE_TEST_COVERAGE_FILES = YES;
				GCC_INSTRUMENT_PROGRAM_FLOW_ARCS = YES;
				INFOPLIST_FILE = DonkyCore/Info.plist;
				IPHONEOS_DEPLOYMENT_TARGET = 7.1;
				LD_RUNPATH_SEARCH_PATHS = "$(inherited) @executable_path/Frameworks";
				PRODUCT_NAME = "$(TARGET_NAME)";
			};
			name = Debug;
		};
		D7E496801AC9A097009131E6 /* Release */ = {
			isa = XCBuildConfiguration;
			baseConfigurationReference = 7CF020019F106D13E13B4843 /* Pods.release.xcconfig */;
			buildSettings = {
				ASSETCATALOG_COMPILER_APPICON_NAME = AppIcon;
				GCC_GENERATE_TEST_COVERAGE_FILES = YES;
				GCC_INSTRUMENT_PROGRAM_FLOW_ARCS = YES;
				INFOPLIST_FILE = DonkyCore/Info.plist;
				IPHONEOS_DEPLOYMENT_TARGET = 7.1;
				LD_RUNPATH_SEARCH_PATHS = "$(inherited) @executable_path/Frameworks";
				PRODUCT_NAME = "$(TARGET_NAME)";
			};
			name = Release;
		};
		D7E496821AC9A097009131E6 /* Debug */ = {
			isa = XCBuildConfiguration;
			buildSettings = {
				BUNDLE_LOADER = "$(TEST_HOST)";
				FRAMEWORK_SEARCH_PATHS = (
					"$(SDKROOT)/Developer/Library/Frameworks",
					"$(inherited)",
				);
				GCC_GENERATE_TEST_COVERAGE_FILES = YES;
				GCC_INSTRUMENT_PROGRAM_FLOW_ARCS = YES;
				GCC_PREPROCESSOR_DEFINITIONS = (
					"DEBUG=1",
					"$(inherited)",
				);
				INFOPLIST_FILE = DonkyCoreTests/Info.plist;
				LD_RUNPATH_SEARCH_PATHS = "$(inherited) @executable_path/Frameworks @loader_path/Frameworks";
				OTHER_LDFLAGS = (
					"$(inherited)",
					"-framework",
					XCTest,
				);
				PRODUCT_NAME = "$(TARGET_NAME)";
				TEST_HOST = "$(BUILT_PRODUCTS_DIR)/DonkyCore.app/DonkyCore";
			};
			name = Debug;
		};
		D7E496831AC9A097009131E6 /* Release */ = {
			isa = XCBuildConfiguration;
			buildSettings = {
				BUNDLE_LOADER = "$(TEST_HOST)";
				FRAMEWORK_SEARCH_PATHS = (
					"$(SDKROOT)/Developer/Library/Frameworks",
					"$(inherited)",
				);
				GCC_GENERATE_TEST_COVERAGE_FILES = YES;
				GCC_INSTRUMENT_PROGRAM_FLOW_ARCS = YES;
				INFOPLIST_FILE = DonkyCoreTests/Info.plist;
				LD_RUNPATH_SEARCH_PATHS = "$(inherited) @executable_path/Frameworks @loader_path/Frameworks";
				OTHER_LDFLAGS = (
					"$(inherited)",
					"-framework",
					XCTest,
				);
				PRODUCT_NAME = "$(TARGET_NAME)";
				TEST_HOST = "$(BUILT_PRODUCTS_DIR)/DonkyCore.app/DonkyCore";
			};
			name = Release;
		};
/* End XCBuildConfiguration section */

/* Begin XCConfigurationList section */
		D7E496561AC9A097009131E6 /* Build configuration list for PBXProject "DonkyCore" */ = {
			isa = XCConfigurationList;
			buildConfigurations = (
				D7E4967C1AC9A097009131E6 /* Debug */,
				D7E4967D1AC9A097009131E6 /* Release */,
			);
			defaultConfigurationIsVisible = 0;
			defaultConfigurationName = Release;
		};
		D7E4967E1AC9A097009131E6 /* Build configuration list for PBXNativeTarget "DonkyCore" */ = {
			isa = XCConfigurationList;
			buildConfigurations = (
				D7E4967F1AC9A097009131E6 /* Debug */,
				D7E496801AC9A097009131E6 /* Release */,
			);
			defaultConfigurationIsVisible = 0;
			defaultConfigurationName = Release;
		};
		D7E496811AC9A097009131E6 /* Build configuration list for PBXNativeTarget "DonkyCoreTests" */ = {
			isa = XCConfigurationList;
			buildConfigurations = (
				D7E496821AC9A097009131E6 /* Debug */,
				D7E496831AC9A097009131E6 /* Release */,
			);
			defaultConfigurationIsVisible = 0;
			defaultConfigurationName = Release;
		};
/* End XCConfigurationList section */

/* Begin XCVersionGroup section */
		D7FC7BC71ADFB3E7002E884C /* DNDonkyDataModel.xcdatamodeld */ = {
			isa = XCVersionGroup;
			children = (
				D7FC7BC81ADFB3E7002E884C /* DNDonkyDataModel.xcdatamodel */,
			);
			currentVersion = D7FC7BC81ADFB3E7002E884C /* DNDonkyDataModel.xcdatamodel */;
			path = DNDonkyDataModel.xcdatamodeld;
			sourceTree = "<group>";
			versionGroupType = wrapper.xcdatamodel;
		};
/* End XCVersionGroup section */
	};
	rootObject = D7E496531AC9A097009131E6 /* Project object */;
}
