// !$*UTF8*$!
{
	archiveVersion = 1;
	classes = {
	};
	objectVersion = 46;
	objects = {

/* Begin PBXBuildFile section */
		D76ACECF1AEF813D00B282F0 /* main.m in Sources */ = {isa = PBXBuildFile; fileRef = D76ACECE1AEF813D00B282F0 /* main.m */; };
		D76ACED21AEF813D00B282F0 /* AppDelegate.m in Sources */ = {isa = PBXBuildFile; fileRef = D76ACED11AEF813D00B282F0 /* AppDelegate.m */; };
		D76ACED51AEF813D00B282F0 /* ViewController.m in Sources */ = {isa = PBXBuildFile; fileRef = D76ACED41AEF813D00B282F0 /* ViewController.m */; };
		D76ACED81AEF813D00B282F0 /* Main.storyboard in Resources */ = {isa = PBXBuildFile; fileRef = D76ACED61AEF813D00B282F0 /* Main.storyboard */; };
		D76ACEDA1AEF813D00B282F0 /* Images.xcassets in Resources */ = {isa = PBXBuildFile; fileRef = D76ACED91AEF813D00B282F0 /* Images.xcassets */; };
		D76ACEDD1AEF813D00B282F0 /* LaunchScreen.xib in Resources */ = {isa = PBXBuildFile; fileRef = D76ACEDB1AEF813D00B282F0 /* LaunchScreen.xib */; };
		D76ACEE91AEF813D00B282F0 /* Simple_Push_ExampleTests.m in Sources */ = {isa = PBXBuildFile; fileRef = D76ACEE81AEF813D00B282F0 /* Simple_Push_ExampleTests.m */; };
		D7EAB3461AF0CA6B0049BBF5 /* Localizable.strings in Resources */ = {isa = PBXBuildFile; fileRef = D7EAB3451AF0CA6B0049BBF5 /* Localizable.strings */; };
/* End PBXBuildFile section */

/* Begin PBXContainerItemProxy section */
		D76ACEE31AEF813D00B282F0 /* PBXContainerItemProxy */ = {
			isa = PBXContainerItemProxy;
			containerPortal = D76ACEC11AEF813D00B282F0 /* Project object */;
			proxyType = 1;
			remoteGlobalIDString = D76ACEC81AEF813D00B282F0;
			remoteInfo = "Simple Push Example";
		};
/* End PBXContainerItemProxy section */

/* Begin PBXFileReference section */
		D76ACEC91AEF813D00B282F0 /* Simple Push Example.app */ = {isa = PBXFileReference; explicitFileType = wrapper.application; includeInIndex = 0; path = "Simple Push Example.app"; sourceTree = BUILT_PRODUCTS_DIR; };
		D76ACECD1AEF813D00B282F0 /* Info.plist */ = {isa = PBXFileReference; lastKnownFileType = text.plist.xml; path = Info.plist; sourceTree = "<group>"; };
		D76ACECE1AEF813D00B282F0 /* main.m */ = {isa = PBXFileReference; lastKnownFileType = sourcecode.c.objc; path = main.m; sourceTree = "<group>"; };
		D76ACED01AEF813D00B282F0 /* AppDelegate.h */ = {isa = PBXFileReference; lastKnownFileType = sourcecode.c.h; path = AppDelegate.h; sourceTree = "<group>"; };
		D76ACED11AEF813D00B282F0 /* AppDelegate.m */ = {isa = PBXFileReference; lastKnownFileType = sourcecode.c.objc; path = AppDelegate.m; sourceTree = "<group>"; };
		D76ACED31AEF813D00B282F0 /* ViewController.h */ = {isa = PBXFileReference; lastKnownFileType = sourcecode.c.h; path = ViewController.h; sourceTree = "<group>"; };
		D76ACED41AEF813D00B282F0 /* ViewController.m */ = {isa = PBXFileReference; lastKnownFileType = sourcecode.c.objc; path = ViewController.m; sourceTree = "<group>"; };
		D76ACED71AEF813D00B282F0 /* Base */ = {isa = PBXFileReference; lastKnownFileType = file.storyboard; name = Base; path = Base.lproj/Main.storyboard; sourceTree = "<group>"; };
		D76ACED91AEF813D00B282F0 /* Images.xcassets */ = {isa = PBXFileReference; lastKnownFileType = folder.assetcatalog; path = Images.xcassets; sourceTree = "<group>"; };
		D76ACEDC1AEF813D00B282F0 /* Base */ = {isa = PBXFileReference; lastKnownFileType = file.xib; name = Base; path = Base.lproj/LaunchScreen.xib; sourceTree = "<group>"; };
		D76ACEE21AEF813D00B282F0 /* Simple Push ExampleTests.xctest */ = {isa = PBXFileReference; explicitFileType = wrapper.cfbundle; includeInIndex = 0; path = "Simple Push ExampleTests.xctest"; sourceTree = BUILT_PRODUCTS_DIR; };
		D76ACEE71AEF813D00B282F0 /* Info.plist */ = {isa = PBXFileReference; lastKnownFileType = text.plist.xml; path = Info.plist; sourceTree = "<group>"; };
		D76ACEE81AEF813D00B282F0 /* Simple_Push_ExampleTests.m */ = {isa = PBXFileReference; lastKnownFileType = sourcecode.c.objc; path = Simple_Push_ExampleTests.m; sourceTree = "<group>"; };
		D7EAB3451AF0CA6B0049BBF5 /* Localizable.strings */ = {isa = PBXFileReference; fileEncoding = 4; lastKnownFileType = text.plist.strings; path = Localizable.strings; sourceTree = "<group>"; };
/* End PBXFileReference section */

/* Begin PBXFrameworksBuildPhase section */
		D76ACEC61AEF813D00B282F0 /* Frameworks */ = {
			isa = PBXFrameworksBuildPhase;
			buildActionMask = 2147483647;
			files = (
			);
			runOnlyForDeploymentPostprocessing = 0;
		};
		D76ACEDF1AEF813D00B282F0 /* Frameworks */ = {
			isa = PBXFrameworksBuildPhase;
			buildActionMask = 2147483647;
			files = (
			);
			runOnlyForDeploymentPostprocessing = 0;
		};
/* End PBXFrameworksBuildPhase section */

/* Begin PBXGroup section */
		D76ACEC01AEF813D00B282F0 = {
			isa = PBXGroup;
			children = (
				D76ACECB1AEF813D00B282F0 /* Simple Push Example */,
				D76ACEE51AEF813D00B282F0 /* Simple Push ExampleTests */,
				D76ACECA1AEF813D00B282F0 /* Products */,
			);
			sourceTree = "<group>";
		};
		D76ACECA1AEF813D00B282F0 /* Products */ = {
			isa = PBXGroup;
			children = (
				D76ACEC91AEF813D00B282F0 /* Simple Push Example.app */,
				D76ACEE21AEF813D00B282F0 /* Simple Push ExampleTests.xctest */,
			);
			name = Products;
			sourceTree = "<group>";
		};
		D76ACECB1AEF813D00B282F0 /* Simple Push Example */ = {
			isa = PBXGroup;
			children = (
				D76ACED01AEF813D00B282F0 /* AppDelegate.h */,
				D76ACED11AEF813D00B282F0 /* AppDelegate.m */,
				D76ACED31AEF813D00B282F0 /* ViewController.h */,
				D76ACED41AEF813D00B282F0 /* ViewController.m */,
				D7EAB3451AF0CA6B0049BBF5 /* Localizable.strings */,
				D76ACED61AEF813D00B282F0 /* Main.storyboard */,
				D76ACED91AEF813D00B282F0 /* Images.xcassets */,
				D76ACEDB1AEF813D00B282F0 /* LaunchScreen.xib */,
				D76ACECC1AEF813D00B282F0 /* Supporting Files */,
			);
			path = "Simple Push Example";
			sourceTree = "<group>";
		};
		D76ACECC1AEF813D00B282F0 /* Supporting Files */ = {
			isa = PBXGroup;
			children = (
				D76ACECD1AEF813D00B282F0 /* Info.plist */,
				D76ACECE1AEF813D00B282F0 /* main.m */,
			);
			name = "Supporting Files";
			sourceTree = "<group>";
		};
		D76ACEE51AEF813D00B282F0 /* Simple Push ExampleTests */ = {
			isa = PBXGroup;
			children = (
				D76ACEE81AEF813D00B282F0 /* Simple_Push_ExampleTests.m */,
				D76ACEE61AEF813D00B282F0 /* Supporting Files */,
			);
			path = "Simple Push ExampleTests";
			sourceTree = "<group>";
		};
		D76ACEE61AEF813D00B282F0 /* Supporting Files */ = {
			isa = PBXGroup;
			children = (
				D76ACEE71AEF813D00B282F0 /* Info.plist */,
			);
			name = "Supporting Files";
			sourceTree = "<group>";
		};
/* End PBXGroup section */

/* Begin PBXNativeTarget section */
		D76ACEC81AEF813D00B282F0 /* Simple Push Example */ = {
			isa = PBXNativeTarget;
			buildConfigurationList = D76ACEEC1AEF813D00B282F0 /* Build configuration list for PBXNativeTarget "Simple Push Example" */;
			buildPhases = (
				D76ACEC51AEF813D00B282F0 /* Sources */,
				D76ACEC61AEF813D00B282F0 /* Frameworks */,
				D76ACEC71AEF813D00B282F0 /* Resources */,
			);
			buildRules = (
			);
			dependencies = (
			);
			name = "Simple Push Example";
			productName = "Simple Push Example";
			productReference = D76ACEC91AEF813D00B282F0 /* Simple Push Example.app */;
			productType = "com.apple.product-type.application";
		};
		D76ACEE11AEF813D00B282F0 /* Simple Push ExampleTests */ = {
			isa = PBXNativeTarget;
			buildConfigurationList = D76ACEEF1AEF813D00B282F0 /* Build configuration list for PBXNativeTarget "Simple Push ExampleTests" */;
			buildPhases = (
				D76ACEDE1AEF813D00B282F0 /* Sources */,
				D76ACEDF1AEF813D00B282F0 /* Frameworks */,
				D76ACEE01AEF813D00B282F0 /* Resources */,
			);
			buildRules = (
			);
			dependencies = (
				D76ACEE41AEF813D00B282F0 /* PBXTargetDependency */,
			);
			name = "Simple Push ExampleTests";
			productName = "Simple Push ExampleTests";
			productReference = D76ACEE21AEF813D00B282F0 /* Simple Push ExampleTests.xctest */;
			productType = "com.apple.product-type.bundle.unit-test";
		};
/* End PBXNativeTarget section */

/* Begin PBXProject section */
		D76ACEC11AEF813D00B282F0 /* Project object */ = {
			isa = PBXProject;
			attributes = {
				LastUpgradeCheck = 0630;
				ORGANIZATIONNAME = "Chris Watson";
				TargetAttributes = {
					D76ACEC81AEF813D00B282F0 = {
						CreatedOnToolsVersion = 6.3.1;
						SystemCapabilities = {
							com.apple.BackgroundModes = {
								enabled = 1;
							};
						};
					};
					D76ACEE11AEF813D00B282F0 = {
						CreatedOnToolsVersion = 6.3.1;
						TestTargetID = D76ACEC81AEF813D00B282F0;
					};
				};
			};
			buildConfigurationList = D76ACEC41AEF813D00B282F0 /* Build configuration list for PBXProject "Simple Push Example" */;
			compatibilityVersion = "Xcode 3.2";
			developmentRegion = English;
			hasScannedForEncodings = 0;
			knownRegions = (
				en,
				Base,
			);
			mainGroup = D76ACEC01AEF813D00B282F0;
			productRefGroup = D76ACECA1AEF813D00B282F0 /* Products */;
			projectDirPath = "";
			projectRoot = "";
			targets = (
				D76ACEC81AEF813D00B282F0 /* Simple Push Example */,
				D76ACEE11AEF813D00B282F0 /* Simple Push ExampleTests */,
			);
		};
/* End PBXProject section */

/* Begin PBXResourcesBuildPhase section */
		D76ACEC71AEF813D00B282F0 /* Resources */ = {
			isa = PBXResourcesBuildPhase;
			buildActionMask = 2147483647;
			files = (
				D76ACED81AEF813D00B282F0 /* Main.storyboard in Resources */,
				D76ACEDD1AEF813D00B282F0 /* LaunchScreen.xib in Resources */,
				D7EAB3461AF0CA6B0049BBF5 /* Localizable.strings in Resources */,
				D76ACEDA1AEF813D00B282F0 /* Images.xcassets in Resources */,
			);
			runOnlyForDeploymentPostprocessing = 0;
		};
		D76ACEE01AEF813D00B282F0 /* Resources */ = {
			isa = PBXResourcesBuildPhase;
			buildActionMask = 2147483647;
			files = (
			);
			runOnlyForDeploymentPostprocessing = 0;
		};
/* End PBXResourcesBuildPhase section */

/* Begin PBXSourcesBuildPhase section */
		D76ACEC51AEF813D00B282F0 /* Sources */ = {
			isa = PBXSourcesBuildPhase;
			buildActionMask = 2147483647;
			files = (
				D76ACED51AEF813D00B282F0 /* ViewController.m in Sources */,
				D76ACED21AEF813D00B282F0 /* AppDelegate.m in Sources */,
				D76ACECF1AEF813D00B282F0 /* main.m in Sources */,
			);
			runOnlyForDeploymentPostprocessing = 0;
		};
		D76ACEDE1AEF813D00B282F0 /* Sources */ = {
			isa = PBXSourcesBuildPhase;
			buildActionMask = 2147483647;
			files = (
				D76ACEE91AEF813D00B282F0 /* Simple_Push_ExampleTests.m in Sources */,
			);
			runOnlyForDeploymentPostprocessing = 0;
		};
/* End PBXSourcesBuildPhase section */

/* Begin PBXTargetDependency section */
		D76ACEE41AEF813D00B282F0 /* PBXTargetDependency */ = {
			isa = PBXTargetDependency;
			target = D76ACEC81AEF813D00B282F0 /* Simple Push Example */;
			targetProxy = D76ACEE31AEF813D00B282F0 /* PBXContainerItemProxy */;
		};
/* End PBXTargetDependency section */

/* Begin PBXVariantGroup section */
		D76ACED61AEF813D00B282F0 /* Main.storyboard */ = {
			isa = PBXVariantGroup;
			children = (
				D76ACED71AEF813D00B282F0 /* Base */,
			);
			name = Main.storyboard;
			sourceTree = "<group>";
		};
		D76ACEDB1AEF813D00B282F0 /* LaunchScreen.xib */ = {
			isa = PBXVariantGroup;
			children = (
				D76ACEDC1AEF813D00B282F0 /* Base */,
			);
			name = LaunchScreen.xib;
			sourceTree = "<group>";
		};
/* End PBXVariantGroup section */

/* Begin XCBuildConfiguration section */
		D76ACEEA1AEF813D00B282F0 /* Debug */ = {
			isa = XCBuildConfiguration;
			buildSettings = {
				ALWAYS_SEARCH_USER_PATHS = NO;
				CLANG_CXX_LANGUAGE_STANDARD = "gnu++0x";
				CLANG_CXX_LIBRARY = "libc++";
				CLANG_ENABLE_MODULES = YES;
				CLANG_ENABLE_OBJC_ARC = YES;
				CLANG_WARN_BOOL_CONVERSION = YES;
				CLANG_WARN_CONSTANT_CONVERSION = YES;
				CLANG_WARN_DIRECT_OBJC_ISA_USAGE = YES_ERROR;
				CLANG_WARN_EMPTY_BODY = YES;
				CLANG_WARN_ENUM_CONVERSION = YES;
				CLANG_WARN_INT_CONVERSION = YES;
				CLANG_WARN_OBJC_ROOT_CLASS = YES_ERROR;
				CLANG_WARN_UNREACHABLE_CODE = YES;
				CLANG_WARN__DUPLICATE_METHOD_MATCH = YES;
				CODE_SIGN_IDENTITY = "iPhone Developer: Chris Watson (8RK58Z9XL7)";
				"CODE_SIGN_IDENTITY[sdk=iphoneos*]" = "iPhone Developer: Chris Watson (8RK58Z9XL7)";
				COPY_PHASE_STRIP = NO;
				DEBUG_INFORMATION_FORMAT = "dwarf-with-dsym";
				ENABLE_STRICT_OBJC_MSGSEND = YES;
				GCC_C_LANGUAGE_STANDARD = gnu99;
				GCC_DYNAMIC_NO_PIC = NO;
				GCC_NO_COMMON_BLOCKS = YES;
				GCC_OPTIMIZATION_LEVEL = 0;
				GCC_PREPROCESSOR_DEFINITIONS = (
					"DEBUG=1",
					"$(inherited)",
				);
				GCC_SYMBOLS_PRIVATE_EXTERN = NO;
				GCC_WARN_64_TO_32_BIT_CONVERSION = YES;
				GCC_WARN_ABOUT_RETURN_TYPE = YES_ERROR;
				GCC_WARN_UNDECLARED_SELECTOR = YES;
				GCC_WARN_UNINITIALIZED_AUTOS = YES_AGGRESSIVE;
				GCC_WARN_UNUSED_FUNCTION = YES;
				GCC_WARN_UNUSED_VARIABLE = YES;
				IPHONEOS_DEPLOYMENT_TARGET = 7.1;
				MTL_ENABLE_DEBUG_INFO = YES;
				ONLY_ACTIVE_ARCH = YES;
				PROVISIONING_PROFILE = "e4874eaa-25d7-4ab0-b147-d75ac8538b1c";
				SDKROOT = iphoneos;
				TARGETED_DEVICE_FAMILY = "1,2";
			};
			name = Debug;
		};
		D76ACEEB1AEF813D00B282F0 /* Release */ = {
			isa = XCBuildConfiguration;
			buildSettings = {
				ALWAYS_SEARCH_USER_PATHS = NO;
				CLANG_CXX_LANGUAGE_STANDARD = "gnu++0x";
				CLANG_CXX_LIBRARY = "libc++";
				CLANG_ENABLE_MODULES = YES;
				CLANG_ENABLE_OBJC_ARC = YES;
				CLANG_WARN_BOOL_CONVERSION = YES;
				CLANG_WARN_CONSTANT_CONVERSION = YES;
				CLANG_WARN_DIRECT_OBJC_ISA_USAGE = YES_ERROR;
				CLANG_WARN_EMPTY_BODY = YES;
				CLANG_WARN_ENUM_CONVERSION = YES;
				CLANG_WARN_INT_CONVERSION = YES;
				CLANG_WARN_OBJC_ROOT_CLASS = YES_ERROR;
				CLANG_WARN_UNREACHABLE_CODE = YES;
				CLANG_WARN__DUPLICATE_METHOD_MATCH = YES;
				CODE_SIGN_IDENTITY = "iPhone Developer: Chris Watson (8RK58Z9XL7)";
				"CODE_SIGN_IDENTITY[sdk=iphoneos*]" = "iPhone Developer: Chris Watson (8RK58Z9XL7)";
				COPY_PHASE_STRIP = NO;
				DEBUG_INFORMATION_FORMAT = "dwarf-with-dsym";
				ENABLE_NS_ASSERTIONS = NO;
				ENABLE_STRICT_OBJC_MSGSEND = YES;
				GCC_C_LANGUAGE_STANDARD = gnu99;
				GCC_NO_COMMON_BLOCKS = YES;
				GCC_WARN_64_TO_32_BIT_CONVERSION = YES;
				GCC_WARN_ABOUT_RETURN_TYPE = YES_ERROR;
				GCC_WARN_UNDECLARED_SELECTOR = YES;
				GCC_WARN_UNINITIALIZED_AUTOS = YES_AGGRESSIVE;
				GCC_WARN_UNUSED_FUNCTION = YES;
				GCC_WARN_UNUSED_VARIABLE = YES;
				IPHONEOS_DEPLOYMENT_TARGET = 7.1;
				MTL_ENABLE_DEBUG_INFO = NO;
				PROVISIONING_PROFILE = "e4874eaa-25d7-4ab0-b147-d75ac8538b1c";
				SDKROOT = iphoneos;
				TARGETED_DEVICE_FAMILY = "1,2";
				VALIDATE_PRODUCT = YES;
			};
			name = Release;
		};
		D76ACEED1AEF813D00B282F0 /* Debug */ = {
			isa = XCBuildConfiguration;
			buildSettings = {
				ASSETCATALOG_COMPILER_APPICON_NAME = AppIcon;
				CODE_SIGN_IDENTITY = "iPhone Developer: Chris Watson (8RK58Z9XL7)";
				INFOPLIST_FILE = "Simple Push Example/Info.plist";
				LD_RUNPATH_SEARCH_PATHS = "$(inherited) @executable_path/Frameworks";
				PRODUCT_NAME = "$(TARGET_NAME)";
				PROVISIONING_PROFILE = "e4874eaa-25d7-4ab0-b147-d75ac8538b1c";
			};
			name = Debug;
		};
		D76ACEEE1AEF813D00B282F0 /* Release */ = {
			isa = XCBuildConfiguration;
			buildSettings = {
				ASSETCATALOG_COMPILER_APPICON_NAME = AppIcon;
				CODE_SIGN_IDENTITY = "iPhone Developer: Chris Watson (8RK58Z9XL7)";
				INFOPLIST_FILE = "Simple Push Example/Info.plist";
				LD_RUNPATH_SEARCH_PATHS = "$(inherited) @executable_path/Frameworks";
				PRODUCT_NAME = "$(TARGET_NAME)";
				PROVISIONING_PROFILE = "e4874eaa-25d7-4ab0-b147-d75ac8538b1c";
			};
			name = Release;
		};
		D76ACEF01AEF813D00B282F0 /* Debug */ = {
			isa = XCBuildConfiguration;
			buildSettings = {
				BUNDLE_LOADER = "$(TEST_HOST)";
				FRAMEWORK_SEARCH_PATHS = (
					"$(SDKROOT)/Developer/Library/Frameworks",
					"$(inherited)",
				);
				GCC_PREPROCESSOR_DEFINITIONS = (
					"DEBUG=1",
					"$(inherited)",
				);
				INFOPLIST_FILE = "Simple Push ExampleTests/Info.plist";
				LD_RUNPATH_SEARCH_PATHS = "$(inherited) @executable_path/Frameworks @loader_path/Frameworks";
				PRODUCT_NAME = "$(TARGET_NAME)";
				PROVISIONING_PROFILE = "2705dcb3-c21f-4f1a-ace0-41a14b2eed1c";
				TEST_HOST = "$(BUILT_PRODUCTS_DIR)/Simple Push Example.app/Simple Push Example";
			};
			name = Debug;
		};
		D76ACEF11AEF813D00B282F0 /* Release */ = {
			isa = XCBuildConfiguration;
			buildSettings = {
				BUNDLE_LOADER = "$(TEST_HOST)";
				FRAMEWORK_SEARCH_PATHS = (
					"$(SDKROOT)/Developer/Library/Frameworks",
					"$(inherited)",
				);
				INFOPLIST_FILE = "Simple Push ExampleTests/Info.plist";
				LD_RUNPATH_SEARCH_PATHS = "$(inherited) @executable_path/Frameworks @loader_path/Frameworks";
				PRODUCT_NAME = "$(TARGET_NAME)";
				PROVISIONING_PROFILE = "2705dcb3-c21f-4f1a-ace0-41a14b2eed1c";
				TEST_HOST = "$(BUILT_PRODUCTS_DIR)/Simple Push Example.app/Simple Push Example";
			};
			name = Release;
		};
/* End XCBuildConfiguration section */

/* Begin XCConfigurationList section */
		D76ACEC41AEF813D00B282F0 /* Build configuration list for PBXProject "Simple Push Example" */ = {
			isa = XCConfigurationList;
			buildConfigurations = (
				D76ACEEA1AEF813D00B282F0 /* Debug */,
				D76ACEEB1AEF813D00B282F0 /* Release */,
			);
			defaultConfigurationIsVisible = 0;
			defaultConfigurationName = Release;
		};
		D76ACEEC1AEF813D00B282F0 /* Build configuration list for PBXNativeTarget "Simple Push Example" */ = {
			isa = XCConfigurationList;
			buildConfigurations = (
				D76ACEED1AEF813D00B282F0 /* Debug */,
				D76ACEEE1AEF813D00B282F0 /* Release */,
			);
			defaultConfigurationIsVisible = 0;
			defaultConfigurationName = Release;
		};
		D76ACEEF1AEF813D00B282F0 /* Build configuration list for PBXNativeTarget "Simple Push ExampleTests" */ = {
			isa = XCConfigurationList;
			buildConfigurations = (
				D76ACEF01AEF813D00B282F0 /* Debug */,
				D76ACEF11AEF813D00B282F0 /* Release */,
			);
			defaultConfigurationIsVisible = 0;
			defaultConfigurationName = Release;
		};
/* End XCConfigurationList section */
	};
	rootObject = D76ACEC11AEF813D00B282F0 /* Project object */;
}
